dependencies:
- name: base
  repository: file://../../../../charts/base
  version: 0.0.0
- name: omada-controller-helm
  repository: oci://mirror.gcr.io/mbentley
  version: 1.4.0
digest: sha256:3a1c43eafe9b2dc80716ff36c1da6b2dd70f35be7c2900513ffac1914fdbca52
generated: "2026-05-29T17:17:53.728303-07:00"
