dependencies:
- name: base
  repository: file://../../../../charts/base
  version: 0.0.0
- name: node-feature-discovery
  repository: oci://registry.k8s.io/nfd/charts
  version: 0.18.3
digest: sha256:3c219739a00bdd2a9e5aee06569cc2ba1bce66b8d58edf020c73fd006c135e61
generated: "2026-05-29T17:17:52.836593-07:00"
