dependencies:
- name: base
  repository: file://../../../../charts/base
  version: 0.0.0
- name: external-secrets
  repository: oci://ghcr.io/external-secrets/charts
  version: 2.5.0
digest: sha256:6484d35548ceb90f8a404a927da8dceca25d014de61e9b06b719c2e77d97c44a
generated: "2026-05-29T17:18:07.020533-07:00"
