dependencies:
- name: base
  repository: file://../../../../charts/base
  version: 0.0.0
- name: volsync-perfectra1n
  repository: oci://ghcr.io/home-operations/charts-mirror
  version: 0.18.5
digest: sha256:2fe750bf137516fff34231459ac746377c5372e438b9e8f2e1101d0aa9562670
generated: "2026-06-02T00:46:45.663126-07:00"
