dependencies:
- name: base
  repository: file://../../../../charts/base
  version: 0.0.0
- name: kube-prometheus-stack
  repository: oci://ghcr.io/prometheus-community/charts
  version: 86.0.1
digest: sha256:d7924c1f8c41c106c547ff93b4e5ccea8b630cffcc3fd8b3eb4122e818feedbb
generated: "2026-06-02T01:12:54.514887-07:00"
