dependencies:
- name: base
  repository: file://../../../../charts/base
  version: 0.0.0
- name: xpumd
  repository: oci://ghcr.io/intel/xpumanager/charts
  version: 2.0.0-rc.0
digest: sha256:6e7a3e56e371f5b46ad910f316c1fdb7acb4c740b2af41ea6c607f3b23ce3de0
generated: "2026-05-29T17:18:04.223705-07:00"
