dependencies:
- name: base
  repository: file://../../../../charts/base
  version: 0.0.0
- name: kgateway-crds
  repository: oci://ghcr.io/kgateway-dev/charts
  version: 2.3.1
- name: kgateway
  repository: oci://ghcr.io/kgateway-dev/charts
  version: 2.3.1
digest: sha256:46a6ad4150957e01e4be9a152382478bfa4c216ad1d63ee8d55f1f97adc2c180
generated: "2026-05-29T17:17:48.223782-07:00"
