# @generated - this file is auto-generated by `mise lock` https://mise.en.dev/dev-tools/mise-lock.html

[[tools."github:home-operations/flate"]]
version = "0.1.31"
backend = "github:home-operations/flate"

[tools."github:home-operations/flate"."platforms.linux-arm64"]
checksum = "sha256:b219661fc747fb3069b8b04e0d440d1611cfcf90133834ed3b7ea800d850b46c"
url = "https://github.com/home-operations/flate/releases/download/0.1.31/flate_0.1.31_linux_arm64.tar.gz"
url_api = "https://api.github.com/repos/home-operations/flate/releases/assets/433270438"

[tools."github:home-operations/flate"."platforms.linux-arm64-musl"]
checksum = "sha256:b219661fc747fb3069b8b04e0d440d1611cfcf90133834ed3b7ea800d850b46c"
url = "https://github.com/home-operations/flate/releases/download/0.1.31/flate_0.1.31_linux_arm64.tar.gz"
url_api = "https://api.github.com/repos/home-operations/flate/releases/assets/433270438"

[tools."github:home-operations/flate"."platforms.linux-x64"]
checksum = "sha256:1a225d10d4e524a87f94559f83294e2d3a39a735f760664add7d156ee7454632"
url = "https://github.com/home-operations/flate/releases/download/0.1.31/flate_0.1.31_linux_amd64.tar.gz"
url_api = "https://api.github.com/repos/home-operations/flate/releases/assets/433270439"

[tools."github:home-operations/flate"."platforms.linux-x64-musl"]
checksum = "sha256:1a225d10d4e524a87f94559f83294e2d3a39a735f760664add7d156ee7454632"
url = "https://github.com/home-operations/flate/releases/download/0.1.31/flate_0.1.31_linux_amd64.tar.gz"
url_api = "https://api.github.com/repos/home-operations/flate/releases/assets/433270439"

[tools."github:home-operations/flate"."platforms.macos-arm64"]
checksum = "sha256:f05836aeefc32136b0d6fe47af245bd0f8f7c08df99ebe247c940b3066f64d77"
url = "https://github.com/home-operations/flate/releases/download/0.1.31/flate_0.1.31_darwin_arm64.tar.gz"
url_api = "https://api.github.com/repos/home-operations/flate/releases/assets/433270436"

[tools."github:home-operations/flate"."platforms.macos-x64"]
checksum = "sha256:b5e7b3a930c4dbdfe56cce577aece48d7310c3ebcf7d7d33289eb3296be232d5"
url = "https://github.com/home-operations/flate/releases/download/0.1.31/flate_0.1.31_darwin_amd64.tar.gz"
url_api = "https://api.github.com/repos/home-operations/flate/releases/assets/433270449"

[tools."github:home-operations/flate"."platforms.windows-x64"]
checksum = "sha256:e65b379bbb27b6f0c0842bbf30b0fcef067c92c3181ae19d12388c36b319e481"
url = "https://github.com/home-operations/flate/releases/download/0.1.31/flate_0.1.31_windows_amd64.zip"
url_api = "https://api.github.com/repos/home-operations/flate/releases/assets/433270435"
