# @generated - this file is auto-generated by `mise lock` https://mise.en.dev/dev-tools/mise-lock.html

[[tools.actionlint]]
version = "1.7.12"
backend = "aqua:rhysd/actionlint"

[tools.actionlint."platforms.linux-arm64"]
checksum = "sha256:325e971b6ba9bfa504672e29be93c24981eeb1c07576d730e9f7c8805afff0c6"
url = "https://github.com/rhysd/actionlint/releases/download/v1.7.12/actionlint_1.7.12_linux_arm64.tar.gz"
url_api = "https://api.github.com/repos/rhysd/actionlint/releases/assets/384924897"
provenance = "github-attestations"

[tools.actionlint."platforms.linux-x64"]
checksum = "sha256:8aca8db96f1b94770f1b0d72b6dddcb1ebb8123cb3712530b08cc387b349a3d8"
url = "https://github.com/rhysd/actionlint/releases/download/v1.7.12/actionlint_1.7.12_linux_amd64.tar.gz"
url_api = "https://api.github.com/repos/rhysd/actionlint/releases/assets/384924896"
provenance = "github-attestations"

[tools.actionlint."platforms.macos-arm64"]
checksum = "sha256:aba9ced2dee8d27fecca3dc7feb1a7f9a52caefa1eb46f3271ea66b6e0e6953f"
url = "https://github.com/rhysd/actionlint/releases/download/v1.7.12/actionlint_1.7.12_darwin_arm64.tar.gz"
url_api = "https://api.github.com/repos/rhysd/actionlint/releases/assets/384924893"
provenance = "github-attestations"

[[tools.age]]
version = "1.3.2"
backend = "aqua:FiloSottile/age"

[tools.age."platforms.linux-arm64"]
checksum = "sha256:6b8dc4333c53a5a57c9e5834e3a48f92605d7154014cd07269ff3327db5d37f4"
url = "https://github.com/FiloSottile/age/releases/download/v1.3.2/age-v1.3.2-linux-arm64.tar.gz"
url_api = "https://api.github.com/repos/FiloSottile/age/releases/assets/535541932"
provenance = "github-attestations"

[tools.age."platforms.linux-x64"]
checksum = "sha256:cbe24006683f8eb669266162894b9a522a1af52f2665fbc63a4bb032ed26ac10"
url = "https://github.com/FiloSottile/age/releases/download/v1.3.2/age-v1.3.2-linux-amd64.tar.gz"
url_api = "https://api.github.com/repos/FiloSottile/age/releases/assets/535541903"
provenance = "github-attestations"

[tools.age."platforms.macos-arm64"]
checksum = "sha256:e2020b073c44f692685a24d6abc378817eb81ffaaf49fd0531ef8565f767f2f5"
url = "https://github.com/FiloSottile/age/releases/download/v1.3.2/age-v1.3.2-darwin-arm64.tar.gz"
url_api = "https://api.github.com/repos/FiloSottile/age/releases/assets/535541897"
provenance = "github-attestations"

[[tools."aqua:jdx/mise"]]
version = "2026.10.0"
backend = "aqua:jdx/mise"

[tools."aqua:jdx/mise"."platforms.linux-arm64"]
checksum = "sha256:7e0a2bcfc44fad4dd19654bd1261915802e2334becdc985ffa8becfe9de9cb01"
url = "https://github.com/jdx/mise/releases/download/v2026.10.0/mise-v2026.10.0-linux-arm64-musl.tar.gz"
url_api = "https://api.github.com/repos/jdx/mise/releases/assets/604532558"
provenance = "minisign"

[tools."aqua:jdx/mise"."platforms.linux-x64"]
checksum = "sha256:df32ce8cb98e801ad48ed523e30ff6bcfe7311c45567a8b0dbb2c5181f09d436"
url = "https://github.com/jdx/mise/releases/download/v2026.10.0/mise-v2026.10.0-linux-x64-musl.tar.gz"
url_api = "https://api.github.com/repos/jdx/mise/releases/assets/604532745"
provenance = "minisign"

[tools."aqua:jdx/mise"."platforms.macos-arm64"]
checksum = "sha256:e6a966e44f871403df905d50019ca6f7b84624ddfe1d5c095f5bc3f18709259e"
url = "https://github.com/jdx/mise/releases/download/v2026.10.0/mise-v2026.10.0-macos-arm64.tar.gz"
url_api = "https://api.github.com/repos/jdx/mise/releases/assets/604532840"
provenance = "minisign"

[[tools."aqua:nklmilojevic/sofka"]]
version = "v0.29.8"
backend = "aqua:nklmilojevic/sofka"

[tools."aqua:nklmilojevic/sofka"."platforms.linux-arm64"]
checksum = "sha256:f61855e38d02a7f13bda09f036d9633936f13ce6c5ca7a1942c01f8b1db5ea68"
url = "https://github.com/nklmilojevic/sofka/releases/download/v0.29.8/sofka-v0.29.8-aarch64-unknown-linux-gnu.tar.gz"
url_api = "https://api.github.com/repos/nklmilojevic/sofka/releases/assets/605234622"

[tools."aqua:nklmilojevic/sofka"."platforms.linux-x64"]
checksum = "sha256:8a02b27c981e87e47c1b88fc23e0887eefa99fde6bf571bbda6985261ad36ace"
url = "https://github.com/nklmilojevic/sofka/releases/download/v0.29.8/sofka-v0.29.8-x86_64-unknown-linux-gnu.tar.gz"
url_api = "https://api.github.com/repos/nklmilojevic/sofka/releases/assets/605234625"

[tools."aqua:nklmilojevic/sofka"."platforms.macos-arm64"]
checksum = "sha256:27a6a72ef48cb4afb26a0a424dd93cfc460fba34430fca8fd97218f312416254"
url = "https://github.com/nklmilojevic/sofka/releases/download/v0.29.8/sofka-v0.29.8-aarch64-apple-darwin.tar.gz"
url_api = "https://api.github.com/repos/nklmilojevic/sofka/releases/assets/605234624"

[[tools.atuin]]
version = "18.23.0"
backend = "aqua:atuinsh/atuin"

[tools.atuin."platforms.linux-arm64"]
checksum = "sha256:21869faff1fedb9f8fb27837136567b089bcd588d21252533d5b314605517ae2"
url = "https://github.com/atuinsh/atuin/releases/download/v18.23.0/atuin-aarch64-unknown-linux-gnu.tar.gz"
url_api = "https://api.github.com/repos/atuinsh/atuin/releases/assets/580134142"
provenance = "github-attestations"

[tools.atuin."platforms.linux-x64"]
checksum = "sha256:5cf46e926b696a9b23a3c61ef3cb00f8f7c156d1d7b7967a3b51741653b48ba3"
url = "https://github.com/atuinsh/atuin/releases/download/v18.23.0/atuin-x86_64-unknown-linux-gnu.tar.gz"
url_api = "https://api.github.com/repos/atuinsh/atuin/releases/assets/580134239"
provenance = "github-attestations"

[tools.atuin."platforms.macos-arm64"]
checksum = "sha256:c988be1cde19cd7295ce64bc8b955d42fb1855e5227cb640c87fc09c8408c3fc"
url = "https://github.com/atuinsh/atuin/releases/download/v18.23.0/atuin-aarch64-apple-darwin.tar.gz"
url_api = "https://api.github.com/repos/atuinsh/atuin/releases/assets/580134148"
provenance = "github-attestations"

[[tools.bun]]
version = "1.4.2"
backend = "core:bun"

[tools.bun."platforms.linux-arm64"]
checksum = "sha256:54328bbc2d9c8e0c9f892c544d66c57a83b84139e34909e5ee81758f1ac8fda7"
url = "https://github.com/oven-sh/bun/releases/download/bun-v1.4.2/bun-linux-aarch64.zip"

[tools.bun."platforms.linux-arm64-musl"]
checksum = "sha256:71760b6c8ea30623b81a4907cb815d48e2ea266f2e73e751534a44a0607950df"
url = "https://github.com/oven-sh/bun/releases/download/bun-v1.4.2/bun-linux-aarch64-musl.zip"

[tools.bun."platforms.linux-x64"]
checksum = "sha256:36368faef7527875d5ffa52e53cd48021741f2a83eb6208a8dd64068d422a913"
url = "https://github.com/oven-sh/bun/releases/download/bun-v1.4.2/bun-linux-x64.zip"

[tools.bun."platforms.linux-x64-baseline"]
checksum = "sha256:c678040f14fe0440eb839d37cbd0ce4c051a32da72806ac97de6a6aab6bf728f"
url = "https://github.com/oven-sh/bun/releases/download/bun-v1.4.2/bun-linux-x64-baseline.zip"

[tools.bun."platforms.linux-x64-musl"]
checksum = "sha256:4835eca59d6da70f4674f5642f6e459dcadab773695b2ed9922d131057989742"
url = "https://github.com/oven-sh/bun/releases/download/bun-v1.4.2/bun-linux-x64-musl.zip"

[tools.bun."platforms.linux-x64-musl-baseline"]
checksum = "sha256:76e1db84e98f22f78de0a87e309bfbbf297732847f9720db36750646c85c8c18"
url = "https://github.com/oven-sh/bun/releases/download/bun-v1.4.2/bun-linux-x64-musl-baseline.zip"

[tools.bun."platforms.macos-arm64"]
checksum = "sha256:90987a3a16d7db556d886ac3d551e7b6d3edf0a1cf43acaed622e8676be1d12f"
url = "https://github.com/oven-sh/bun/releases/download/bun-v1.4.2/bun-darwin-aarch64.zip"

[[tools.cilium-cli]]
version = "0.20.1"
backend = "aqua:cilium/cilium-cli"

[tools.cilium-cli."platforms.linux-arm64"]
checksum = "sha256:d237550b882af6f2e01e8985e1e024d57c0774611c0a527c7a20dcee7dc4fd07"
url = "https://github.com/cilium/cilium-cli/releases/download/v0.20.1/cilium-linux-arm64.tar.gz"
url_api = "https://api.github.com/repos/cilium/cilium-cli/releases/assets/585358779"

[tools.cilium-cli."platforms.linux-x64"]
checksum = "sha256:24e817dcfcc8a12e325ce7547617bcbcf171c5b0b335bb24d2bb1207ba047f61"
url = "https://github.com/cilium/cilium-cli/releases/download/v0.20.1/cilium-linux-amd64.tar.gz"
url_api = "https://api.github.com/repos/cilium/cilium-cli/releases/assets/585358772"

[tools.cilium-cli."platforms.macos-arm64"]
checksum = "sha256:3521cb6af8f621d64dac63c7537fd9aa2ff878fb1f7a6f50e69b31bf45c02cb8"
url = "https://github.com/cilium/cilium-cli/releases/download/v0.20.1/cilium-darwin-arm64.tar.gz"
url_api = "https://api.github.com/repos/cilium/cilium-cli/releases/assets/585358773"

[[tools.claude-code]]
version = "2.1.287"
backend = "aqua:anthropics/claude-code"

[tools.claude-code."platforms.linux-arm64"]
checksum = "sha256:9b1f2996166948602b399cea6c11a654f52ac3b38c27142dfa4e6420e57eb3bd"
url = "https://github.com/anthropics/claude-code/releases/download/v2.1.287/claude-linux-arm64.tar.gz"
url_api = "https://api.github.com/repos/anthropics/claude-code/releases/assets/603710525"

[tools.claude-code."platforms.linux-x64"]
checksum = "sha256:627e578d436ebc12daf059c0379dee23f77c761fb7d2ad5de82645dc29b24372"
url = "https://github.com/anthropics/claude-code/releases/download/v2.1.287/claude-linux-x64.tar.gz"
url_api = "https://api.github.com/repos/anthropics/claude-code/releases/assets/603710749"

[tools.claude-code."platforms.macos-arm64"]
checksum = "sha256:43b83e4bf099f47efe590c8da0db43b33109c558ae81b8d1c7b1d024db86d6ef"
url = "https://github.com/anthropics/claude-code/releases/download/v2.1.287/claude-darwin-arm64.tar.gz"
url_api = "https://api.github.com/repos/anthropics/claude-code/releases/assets/603710526"

[[tools.crane]]
version = "0.22.1"
backend = "aqua:google/go-containerregistry"

[tools.crane."platforms.linux-arm64"]
checksum = "sha256:898c0cff975f898a33e8c4580bdafb0e7c02c7faa33374e946762f97c4ab7110"
url = "https://github.com/google/go-containerregistry/releases/download/v0.22.1/go-containerregistry_Linux_arm64.tar.gz"
url_api = "https://api.github.com/repos/google/go-containerregistry/releases/assets/543544372"

[tools.crane."platforms.linux-x64"]
checksum = "sha256:0ab7a1d6932a213aed964ce97666c3077fe691c8606413674a8b3e0b9ec4cda0"
url = "https://github.com/google/go-containerregistry/releases/download/v0.22.1/go-containerregistry_Linux_x86_64.tar.gz"
url_api = "https://api.github.com/repos/google/go-containerregistry/releases/assets/543544389"

[tools.crane."platforms.macos-arm64"]
checksum = "sha256:2231fc8df8806d20d680ff1225db44e095a55dd6ac1ae8eced4faf4b278b78fb"
url = "https://github.com/google/go-containerregistry/releases/download/v0.22.1/go-containerregistry_Darwin_arm64.tar.gz"
url_api = "https://api.github.com/repos/google/go-containerregistry/releases/assets/543544436"

[[tools.dyff]]
version = "1.12.0"
backend = "aqua:homeport/dyff"

[tools.dyff."platforms.linux-arm64"]
checksum = "sha256:c9710f57940306abc1e34e2bf1a1ba94e6a92c543cde4e5dfaea169ded06e832"
url = "https://github.com/homeport/dyff/releases/download/v1.12.0/dyff_1.12.0_linux_arm64.tar.gz"
url_api = "https://api.github.com/repos/homeport/dyff/releases/assets/406097912"

[tools.dyff."platforms.linux-x64"]
checksum = "sha256:50b43017a7474c2216694d0b5387439488a1d3c2b5eefe1674cd0e5c18bc0316"
url = "https://github.com/homeport/dyff/releases/download/v1.12.0/dyff_1.12.0_linux_amd64.tar.gz"
url_api = "https://api.github.com/repos/homeport/dyff/releases/assets/406097913"

[tools.dyff."platforms.macos-arm64"]
checksum = "sha256:3c1bbefb44ec92675c9fc1349a102a41d2568f294fd1fd4e468dc0804944040f"
url = "https://github.com/homeport/dyff/releases/download/v1.12.0/dyff_1.12.0_darwin_arm64.tar.gz"
url_api = "https://api.github.com/repos/homeport/dyff/releases/assets/406097911"

[[tools.envsubst]]
version = "1.4.3"
backend = "aqua:a8m/envsubst"

[tools.envsubst."platforms.linux-arm64"]
checksum = "md5:6d4a9e5ea75525bff5cfc44c65030c95"
url = "https://github.com/a8m/envsubst/releases/download/v1.4.3/envsubst-Linux-arm64"
url_api = "https://api.github.com/repos/a8m/envsubst/releases/assets/232842613"

[tools.envsubst."platforms.linux-x64"]
checksum = "md5:f16bdc6948726c00d3d96908221464e1"
url = "https://github.com/a8m/envsubst/releases/download/v1.4.3/envsubst-Linux-x86_64"
url_api = "https://api.github.com/repos/a8m/envsubst/releases/assets/232842596"

[tools.envsubst."platforms.macos-arm64"]
checksum = "md5:d0060b1585156176354f96cd570a4cc1"
url = "https://github.com/a8m/envsubst/releases/download/v1.4.3/envsubst-Darwin-arm64"
url_api = "https://api.github.com/repos/a8m/envsubst/releases/assets/232842595"

[[tools.flux2]]
version = "2.9.6"
backend = "aqua:fluxcd/flux2"

[tools.flux2."platforms.linux-arm64"]
checksum = "sha256:6663c154755b732f43dc993d72321f71c2fc1ff0bcb94b2696e0a8638fa562b4"
url = "https://github.com/fluxcd/flux2/releases/download/v2.9.6/flux_2.9.6_linux_arm64.tar.gz"
url_api = "https://api.github.com/repos/fluxcd/flux2/releases/assets/602941235"

[tools.flux2."platforms.linux-x64"]
checksum = "sha256:b4d22673e9246cbd628881f1a9ef3b090085dced291e42d804555cee8e8d42c5"
url = "https://github.com/fluxcd/flux2/releases/download/v2.9.6/flux_2.9.6_linux_amd64.tar.gz"
url_api = "https://api.github.com/repos/fluxcd/flux2/releases/assets/602941244"

[tools.flux2."platforms.macos-arm64"]
checksum = "sha256:7008a758da4b8d57c5845aad6552f256d4d23630c2b2de2ca8da362f9a48c126"
url = "https://github.com/fluxcd/flux2/releases/download/v2.9.6/flux_2.9.6_darwin_arm64.tar.gz"
url_api = "https://api.github.com/repos/fluxcd/flux2/releases/assets/602941251"

[[tools.gh]]
version = "2.102.0"
backend = "aqua:cli/cli"

[tools.gh."platforms.linux-arm64"]
checksum = "sha256:7862c86c72f43df3a2d93ddde6f473285b4e2af61b494849846827e513ef6484"
url = "https://github.com/cli/cli/releases/download/v2.102.0/gh_2.102.0_linux_arm64.tar.gz"
url_api = "https://api.github.com/repos/cli/cli/releases/assets/599854680"
provenance = "github-attestations"

[tools.gh."platforms.linux-x64"]
checksum = "sha256:bb766f710eef8ede859c18578c72c327597cd4c8a85b06001b1f3843c6019386"
url = "https://github.com/cli/cli/releases/download/v2.102.0/gh_2.102.0_linux_amd64.tar.gz"
url_api = "https://api.github.com/repos/cli/cli/releases/assets/599854672"
provenance = "github-attestations"

[tools.gh."platforms.macos-arm64"]
checksum = "sha256:da922c20d1792e5b2cbf375593d7a658acf034c12c84e007e71c76ef959c337e"
url = "https://github.com/cli/cli/releases/download/v2.102.0/gh_2.102.0_macOS_arm64.zip"
url_api = "https://api.github.com/repos/cli/cli/releases/assets/599854720"
provenance = "github-attestations"

[[tools."github:cloudnative-pg/cloudnative-pg"]]
version = "1.30.1"
backend = "github:cloudnative-pg/cloudnative-pg"

[tools."github:cloudnative-pg/cloudnative-pg"."platforms.linux-arm64"]
checksum = "sha256:6ffad753bbbf5d353576967233063f2ba0adb843a4e7ef5ff4cb7384b2716d5e"
url = "https://github.com/cloudnative-pg/cloudnative-pg/releases/download/v1.30.1/kubectl-cnpg_1.30.1_linux_arm64.tar.gz"
url_api = "https://api.github.com/repos/cloudnative-pg/cloudnative-pg/releases/assets/583849045"

[tools."github:cloudnative-pg/cloudnative-pg"."platforms.linux-arm64".provenance.slsa]
url = "https://github.com/cloudnative-pg/cloudnative-pg/releases/download/v1.30.1/multiple.intoto.jsonl"

[tools."github:cloudnative-pg/cloudnative-pg"."platforms.linux-x64"]
checksum = "sha256:784bc46f176b24a150d5de84d0691f10ff613b59456af86b1a4868e1bacb9953"
url = "https://github.com/cloudnative-pg/cloudnative-pg/releases/download/v1.30.1/kubectl-cnpg_1.30.1_linux_x86_64.tar.gz"
url_api = "https://api.github.com/repos/cloudnative-pg/cloudnative-pg/releases/assets/583849034"

[tools."github:cloudnative-pg/cloudnative-pg"."platforms.linux-x64".provenance.slsa]
url = "https://github.com/cloudnative-pg/cloudnative-pg/releases/download/v1.30.1/multiple.intoto.jsonl"

[tools."github:cloudnative-pg/cloudnative-pg"."platforms.macos-arm64"]
checksum = "sha256:74836f530b54f060126fc8cf5fd5c27e77801a6d36f61b66f4457218aa11383f"
url = "https://github.com/cloudnative-pg/cloudnative-pg/releases/download/v1.30.1/kubectl-cnpg_1.30.1_darwin_arm64.tar.gz"
url_api = "https://api.github.com/repos/cloudnative-pg/cloudnative-pg/releases/assets/583849039"

[tools."github:cloudnative-pg/cloudnative-pg"."platforms.macos-arm64".provenance.slsa]
url = "https://github.com/cloudnative-pg/cloudnative-pg/releases/download/v1.30.1/multiple.intoto.jsonl"

[[tools."github:home-operations/flate"]]
version = "0.6.5"
backend = "github:home-operations/flate"

[tools."github:home-operations/flate"."platforms.linux-arm64"]
checksum = "sha256:7f514814890df4a095887943ae606be1a8af878606b7bd0575efe75402cd38dc"
url = "https://github.com/home-operations/flate/releases/download/v0.6.5/flate_0.6.5_linux_arm64.tar.gz"
url_api = "https://api.github.com/repos/home-operations/flate/releases/assets/541337295"

[tools."github:home-operations/flate"."platforms.linux-x64"]
checksum = "sha256:37eb0cd91a6752340754375743aa616c263cd8367ce594abd42ee955e1ec0099"
url = "https://github.com/home-operations/flate/releases/download/v0.6.5/flate_0.6.5_linux_amd64.tar.gz"
url_api = "https://api.github.com/repos/home-operations/flate/releases/assets/541337294"

[tools."github:home-operations/flate"."platforms.macos-arm64"]
checksum = "sha256:76274be5ef8b016e80ea0abf7b6f612adc76a89f7613d2e7f7e3550af5b9e186"
url = "https://github.com/home-operations/flate/releases/download/v0.6.5/flate_0.6.5_darwin_arm64.tar.gz"
url_api = "https://api.github.com/repos/home-operations/flate/releases/assets/541337298"

[[tools."github:home-operations/yayamlls"]]
version = "0.3.2"
backend = "github:home-operations/yayamlls"

[tools."github:home-operations/yayamlls"."platforms.linux-arm64"]
checksum = "sha256:fc1399b8af2dc5fb11bb5b2c4c8ba35499766f3e5f2a5756d267d5ed77bb12fb"
url = "https://github.com/home-operations/yayamlls/releases/download/0.3.2/yayamlls_0.3.2_linux_arm64.tar.gz"
url_api = "https://api.github.com/repos/home-operations/yayamlls/releases/assets/593933784"

[tools."github:home-operations/yayamlls"."platforms.linux-x64"]
checksum = "sha256:f6dfd7aa573e46a37a0595ff9139eab8f76eae9af179617a4fcb5d707ecb4fe3"
url = "https://github.com/home-operations/yayamlls/releases/download/0.3.2/yayamlls_0.3.2_linux_amd64.tar.gz"
url_api = "https://api.github.com/repos/home-operations/yayamlls/releases/assets/593933781"

[tools."github:home-operations/yayamlls"."platforms.macos-arm64"]
checksum = "sha256:a13a9266bc084b3dd6248691e70b9fc6bf3c04ebdac0219a32c8ff6dcbdde331"
url = "https://github.com/home-operations/yayamlls/releases/download/0.3.2/yayamlls_0.3.2_darwin_arm64.tar.gz"
url_api = "https://api.github.com/repos/home-operations/yayamlls/releases/assets/593933783"

[[tools."github:mirceanton/talstomize"]]
version = "0.1.0-rc.2"
backend = "github:mirceanton/talstomize"

[tools."github:mirceanton/talstomize"."platforms.linux-arm64"]
checksum = "sha256:b83d3960985a98c928c6cbb2cff3fc7991cc1607e681dec1e351c5bf6a67ae1a"
url = "https://github.com/mirceanton/talstomize/releases/download/v0.1.0-rc.2/talstomize_linux_arm64.tar.gz"
url_api = "https://api.github.com/repos/mirceanton/talstomize/releases/assets/546076607"
provenance = "github-attestations"

[tools."github:mirceanton/talstomize"."platforms.linux-x64"]
checksum = "sha256:6ba8916f8d24e7fa58b879e51f54fd611410c893f82b77b04623ff76e1186f16"
url = "https://github.com/mirceanton/talstomize/releases/download/v0.1.0-rc.2/talstomize_linux_amd64.tar.gz"
url_api = "https://api.github.com/repos/mirceanton/talstomize/releases/assets/546076604"
provenance = "github-attestations"

[tools."github:mirceanton/talstomize"."platforms.macos-arm64"]
checksum = "sha256:95be94b1d6e61478a717df37b9d6b7554ef856cc8838f0723e383bfb5e883e63"
url = "https://github.com/mirceanton/talstomize/releases/download/v0.1.0-rc.2/talstomize_darwin_arm64.tar.gz"
url_api = "https://api.github.com/repos/mirceanton/talstomize/releases/assets/546076623"
provenance = "github-attestations"
provenance_verified = true

[[tools.go]]
version = "1.27.1"
backend = "core:go"

[tools.go."platforms.linux-arm64"]
checksum = "sha256:3450b45a3f9ee8568792736a5c5e70a1f2e9b36c35a8f74958c03e51d7d92bec"
url = "https://dl.google.com/go/go1.27.1.linux-arm64.tar.gz"

[tools.go."platforms.linux-x64"]
checksum = "sha256:63d339f0da5ab53635a56f2490a7984dfe12dfcff22ad749f63edaf590168445"
url = "https://dl.google.com/go/go1.27.1.linux-amd64.tar.gz"

[tools.go."platforms.macos-arm64"]
checksum = "sha256:ee215d57e0ec269c60cc9ceca68e6bda321ba9ee5afe24f4b0988703c2d87d12"
url = "https://dl.google.com/go/go1.27.1.darwin-arm64.tar.gz"

[[tools.helm]]
version = "4.3.0"
backend = "aqua:helm/helm"

[tools.helm."platforms.linux-arm64"]
checksum = "sha256:31c5794dd55c66a51e6b7d2e2ac7a114ae8b1de41ff1d9ba51748ac973b06a08"
url = "https://get.helm.sh/helm-v4.3.0-linux-arm64.tar.gz"

[tools.helm."platforms.linux-x64"]
checksum = "sha256:86584a54def73570558f66f5111cc53dfed56689637ae32c1201205d494f54fb"
url = "https://get.helm.sh/helm-v4.3.0-linux-amd64.tar.gz"

[tools.helm."platforms.macos-arm64"]
checksum = "sha256:d3870437e1e95b67f8edbde964156c84a26503f560821d40c542441658934fba"
url = "https://get.helm.sh/helm-v4.3.0-darwin-arm64.tar.gz"

[[tools.helm-docs]]
version = "1.14.2"
backend = "aqua:norwoodj/helm-docs"

[tools.helm-docs."platforms.linux-arm64"]
checksum = "sha256:c3787212332386dcd122debef7848feb165aa701467ae3e3442df7638f3ac4e4"
url = "https://github.com/norwoodj/helm-docs/releases/download/v1.14.2/helm-docs_1.14.2_Linux_arm64.tar.gz"
url_api = "https://api.github.com/repos/norwoodj/helm-docs/releases/assets/178327216"

[tools.helm-docs."platforms.linux-x64"]
checksum = "sha256:a8cf72ada34fad93285ba2a452b38bdc5bd52cc9a571236244ec31022928d6cc"
url = "https://github.com/norwoodj/helm-docs/releases/download/v1.14.2/helm-docs_1.14.2_Linux_x86_64.tar.gz"
url_api = "https://api.github.com/repos/norwoodj/helm-docs/releases/assets/178327210"

[tools.helm-docs."platforms.macos-arm64"]
checksum = "sha256:2d8399db5b33d240d5f8985241bcf5483563150b968e3229823822979f3e4b8b"
url = "https://github.com/norwoodj/helm-docs/releases/download/v1.14.2/helm-docs_1.14.2_Darwin_arm64.tar.gz"
url_api = "https://api.github.com/repos/norwoodj/helm-docs/releases/assets/178327215"

[[tools.helmfile]]
version = "1.8.1"
backend = "aqua:helmfile/helmfile"

[tools.helmfile."platforms.linux-arm64"]
checksum = "sha256:2217788de9fb42cd0b3d84f1ee99c63617e19dea7af4995a59e45e4952c86ec4"
url = "https://github.com/helmfile/helmfile/releases/download/v1.8.1/helmfile_1.8.1_linux_arm64.tar.gz"
url_api = "https://api.github.com/repos/helmfile/helmfile/releases/assets/599703527"

[tools.helmfile."platforms.linux-x64"]
checksum = "sha256:ccabbe75dddbc25008d055fe92a44f95a184342211e7244d32b870409239c7a3"
url = "https://github.com/helmfile/helmfile/releases/download/v1.8.1/helmfile_1.8.1_linux_amd64.tar.gz"
url_api = "https://api.github.com/repos/helmfile/helmfile/releases/assets/599703520"

[tools.helmfile."platforms.macos-arm64"]
checksum = "sha256:62a6b086bdd7a934ff4a36d4974446d7271566b88db200b3956053a9b388fed8"
url = "https://github.com/helmfile/helmfile/releases/download/v1.8.1/helmfile_1.8.1_darwin_arm64.tar.gz"
url_api = "https://api.github.com/repos/helmfile/helmfile/releases/assets/599703536"

[[tools.jq]]
version = "1.8.2"
backend = "aqua:jqlang/jq"

[tools.jq."platforms.linux-arm64"]
checksum = "sha256:8b85c817833814ddca00a144c33705546355afccf0cf39b188f3cdb48b852309"
url = "https://github.com/jqlang/jq/releases/download/jq-1.8.2/jq-linux-arm64"
url_api = "https://api.github.com/repos/jqlang/jq/releases/assets/453012756"
provenance = "github-attestations"

[tools.jq."platforms.linux-x64"]
checksum = "sha256:b1c22172dd303f3be49e935aa56aa48a8b7a46e0bc838b4997d3bb451495870f"
url = "https://github.com/jqlang/jq/releases/download/jq-1.8.2/jq-linux-amd64"
url_api = "https://api.github.com/repos/jqlang/jq/releases/assets/453012752"
provenance = "github-attestations"

[tools.jq."platforms.macos-arm64"]
checksum = "sha256:2d75340ba57a4b4b4c8708a21c2dc8e958a48aaa8bba13b27f77f6e4c0eca07e"
url = "https://github.com/jqlang/jq/releases/download/jq-1.8.2/jq-macos-arm64"
url_api = "https://api.github.com/repos/jqlang/jq/releases/assets/453012783"
provenance = "github-attestations"

[[tools.k9s]]
version = "0.51.0"
backend = "aqua:derailed/k9s"

[tools.k9s."platforms.linux-arm64"]
checksum = "sha256:3ee05c82e5f9198928a4e86133608ba6a2c10a2244d6a7789e820f78319d640c"
url = "https://github.com/derailed/k9s/releases/download/v0.51.0/k9s_Linux_arm64.tar.gz"
url_api = "https://api.github.com/repos/derailed/k9s/releases/assets/440226045"

[tools.k9s."platforms.linux-x64"]
checksum = "sha256:c3752ad51a5a4015a113819c4eeb6e55a4d0e4b8e652494797532f6fc8161dd7"
url = "https://github.com/derailed/k9s/releases/download/v0.51.0/k9s_Linux_amd64.tar.gz"
url_api = "https://api.github.com/repos/derailed/k9s/releases/assets/440224321"

[tools.k9s."platforms.macos-arm64"]
checksum = "sha256:9b8c0e8f461e5d33aeee43a67f5ef4aff646a008a786887b8266cbb153c610cc"
url = "https://github.com/derailed/k9s/releases/download/v0.51.0/k9s_Darwin_arm64.tar.gz"
url_api = "https://api.github.com/repos/derailed/k9s/releases/assets/440224326"

[[tools.kind]]
version = "0.33.0"
backend = "aqua:kubernetes-sigs/kind"

[tools.kind."platforms.linux-arm64"]
checksum = "sha256:20022bee6cfcd5086cb7234d218e3454e6090022f2a8f55d1fa7fcf42c3867a2"
url = "https://github.com/kubernetes-sigs/kind/releases/download/v0.33.0/kind-linux-arm64"
url_api = "https://api.github.com/repos/kubernetes-sigs/kind/releases/assets/531396478"

[tools.kind."platforms.linux-x64"]
checksum = "sha256:aee6151561422756b764a4ae28e7f44cda5af5a9eead3cc9985112b1de8d8e0d"
url = "https://github.com/kubernetes-sigs/kind/releases/download/v0.33.0/kind-linux-amd64"
url_api = "https://api.github.com/repos/kubernetes-sigs/kind/releases/assets/531396433"

[tools.kind."platforms.macos-arm64"]
checksum = "sha256:0c8c7dbe5e23594a198b786c4bc13dacc101fa6196b0cb0b23a1ca44e61f4b4f"
url = "https://github.com/kubernetes-sigs/kind/releases/download/v0.33.0/kind-darwin-arm64"
url_api = "https://api.github.com/repos/kubernetes-sigs/kind/releases/assets/531396417"

[[tools.kubebuilder]]
version = "4.16.0"
backend = "aqua:kubernetes-sigs/kubebuilder"

[tools.kubebuilder."platforms.linux-arm64"]
checksum = "sha256:6833432c8faab62d2ca6b583f32c88b0a3d1b7264562739c202084c996a55845"
url = "https://github.com/kubernetes-sigs/kubebuilder/releases/download/v4.16.0/kubebuilder_linux_arm64"
url_api = "https://api.github.com/repos/kubernetes-sigs/kubebuilder/releases/assets/554787208"

[tools.kubebuilder."platforms.linux-x64"]
checksum = "sha256:539984e58832044f2326b1bb940c1eaf784f1849e65d06d3a4a4a8b5dfac7ca7"
url = "https://github.com/kubernetes-sigs/kubebuilder/releases/download/v4.16.0/kubebuilder_linux_amd64"
url_api = "https://api.github.com/repos/kubernetes-sigs/kubebuilder/releases/assets/554787205"

[tools.kubebuilder."platforms.macos-arm64"]
checksum = "sha256:69f5e207cf35193c78546b0e6dccfc42c44b24ceba81d3e22bab453ae118c328"
url = "https://github.com/kubernetes-sigs/kubebuilder/releases/download/v4.16.0/kubebuilder_darwin_arm64"
url_api = "https://api.github.com/repos/kubernetes-sigs/kubebuilder/releases/assets/554787206"

[[tools.kubeconform]]
version = "0.8.0"
backend = "aqua:yannh/kubeconform"

[tools.kubeconform."platforms.linux-arm64"]
checksum = "sha256:1f53fc8e81258197a35e8603054162a5af1de8c5af13746c71ab680d9534ed87"
url = "https://github.com/yannh/kubeconform/releases/download/v0.8.0/kubeconform-linux-arm64.tar.gz"
url_api = "https://api.github.com/repos/yannh/kubeconform/releases/assets/438612685"

[tools.kubeconform."platforms.linux-x64"]
checksum = "sha256:9bc2bffbf71f261128533edaf912153948b7ff238f9a531ae6d34466ec287883"
url = "https://github.com/yannh/kubeconform/releases/download/v0.8.0/kubeconform-linux-amd64.tar.gz"
url_api = "https://api.github.com/repos/yannh/kubeconform/releases/assets/438612666"

[tools.kubeconform."platforms.macos-arm64"]
checksum = "sha256:f84f4dfbebf4a6b0b230385fa065a39ea35e02608c2b50d025dcf64775a69d67"
url = "https://github.com/yannh/kubeconform/releases/download/v0.8.0/kubeconform-darwin-arm64.tar.gz"
url_api = "https://api.github.com/repos/yannh/kubeconform/releases/assets/438612680"

[[tools.kubectl]]
version = "1.37.1"
backend = "aqua:kubernetes/kubernetes/kubectl"

[tools.kubectl."platforms.linux-arm64"]
checksum = "sha256:ff749f4b78d9c4f1ec87307df9b50119ed819e2094aa9810cb9acffc3286c8c7"
url = "https://dl.k8s.io/v1.37.1/bin/linux/arm64/kubectl"

[tools.kubectl."platforms.linux-x64"]
checksum = "sha256:65691ff77eb6fa44c908b77a1082c9f092c3b9733b5cefabec0d1104890e21a8"
url = "https://dl.k8s.io/v1.37.1/bin/linux/amd64/kubectl"

[tools.kubectl."platforms.macos-arm64"]
checksum = "sha256:fd65982c97ddad3106754b69ffa196d0e543aa591930ae52aed1adfb92f8c77f"
url = "https://dl.k8s.io/v1.37.1/bin/darwin/arm64/kubectl"

[[tools.kustomize]]
version = "5.8.2"
backend = "aqua:kubernetes-sigs/kustomize"

[tools.kustomize."platforms.linux-arm64"]
checksum = "sha256:0991957191951cb7dddd142403b5bb98a1fcd6378ba0079dddc1e2c309080a7f"
url = "https://github.com/kubernetes-sigs/kustomize/releases/download/kustomize/v5.8.2/kustomize_v5.8.2_linux_arm64.tar.gz"
url_api = "https://api.github.com/repos/kubernetes-sigs/kustomize/releases/assets/600925223"

[tools.kustomize."platforms.linux-x64"]
checksum = "sha256:06af0a202c2b831207d0173f9c9cdb1b30abceca0747cb3fbb72792d26055c95"
url = "https://github.com/kubernetes-sigs/kustomize/releases/download/kustomize/v5.8.2/kustomize_v5.8.2_linux_amd64.tar.gz"
url_api = "https://api.github.com/repos/kubernetes-sigs/kustomize/releases/assets/600925225"

[tools.kustomize."platforms.macos-arm64"]
checksum = "sha256:4ce452c096a4005be16ddc02129255830d1d6605ffe3693699c72a1b2be48658"
url = "https://github.com/kubernetes-sigs/kustomize/releases/download/kustomize/v5.8.2/kustomize_v5.8.2_darwin_arm64.tar.gz"
url_api = "https://api.github.com/repos/kubernetes-sigs/kustomize/releases/assets/600925224"

[[tools.lefthook]]
version = "2.1.16"
backend = "aqua:evilmartians/lefthook"

[tools.lefthook."platforms.linux-arm64"]
checksum = "sha256:2f8b694c37632df1b805163ebdbdf85c8ecf6cba47f0bff4a3e565a1b66ef3cd"
url = "https://github.com/evilmartians/lefthook/releases/download/v2.1.16/lefthook_2.1.16_Linux_aarch64.gz"
url_api = "https://api.github.com/repos/evilmartians/lefthook/releases/assets/603767234"
provenance = "github-attestations"

[tools.lefthook."platforms.linux-x64"]
checksum = "sha256:bcf67d241ebb062a4fe9053ef0d7fde6692f846e504843ed33ab39b08334f299"
url = "https://github.com/evilmartians/lefthook/releases/download/v2.1.16/lefthook_2.1.16_Linux_x86_64.gz"
url_api = "https://api.github.com/repos/evilmartians/lefthook/releases/assets/603767179"
provenance = "github-attestations"

[tools.lefthook."platforms.macos-arm64"]
checksum = "sha256:3deee257054b3cd3d3288bef65436e17239d49ebb738af939e4a92f573865151"
url = "https://github.com/evilmartians/lefthook/releases/download/v2.1.16/lefthook_2.1.16_MacOS_arm64.gz"
url_api = "https://api.github.com/repos/evilmartians/lefthook/releases/assets/603767184"
provenance = "github-attestations"

[[tools.mc]]
version = "RELEASE.2025-08-13T08-35-41Z"
backend = "aqua:minio/mc"

[tools.mc."platforms.linux-arm64"]
checksum = "sha256:14c8c9616cfce4636add161304353244e8de383b2e2752c0e9dad01d4c27c12c"
url = "https://github.com/minio/mc/releases/download/RELEASE.2025-08-13T08-35-41Z/mc.linux-arm64.RELEASE.2025-08-13T08-35-41Z"
url_api = "https://api.github.com/repos/minio/mc/releases/assets/401741340"
provenance = "minisign"

[tools.mc."platforms.linux-x64"]
checksum = "sha256:01f866e9c5f9b87c2b09116fa5d7c06695b106242d829a8bb32990c00312e891"
url = "https://github.com/minio/mc/releases/download/RELEASE.2025-08-13T08-35-41Z/mc.linux-amd64.RELEASE.2025-08-13T08-35-41Z"
url_api = "https://api.github.com/repos/minio/mc/releases/assets/401741332"
provenance = "minisign"

[tools.mc."platforms.macos-arm64"]
checksum = "sha256:a877fd0c183409da9f20f9d6e1811987298bbbca1aa03428eebdffba79fb9445"
url = "https://github.com/minio/mc/releases/download/RELEASE.2025-08-13T08-35-41Z/mc.darwin-arm64.RELEASE.2025-08-13T08-35-41Z"
url_api = "https://api.github.com/repos/minio/mc/releases/assets/401741324"
provenance = "minisign"

[[tools.neovim]]
version = "0.12.5"
backend = "vfox:mise-plugins/vfox-neovim"

[tools.neovim."platforms.linux-arm64"]
url = "https://github.com/neovim/neovim/releases/download/v0.12.5/nvim-linux-arm64.tar.gz"

[tools.neovim."platforms.linux-x64"]
url = "https://github.com/neovim/neovim/releases/download/v0.12.5/nvim-linux-x86_64.tar.gz"

[tools.neovim."platforms.macos-arm64"]
url = "https://github.com/neovim/neovim/releases/download/v0.12.5/nvim-macos-arm64.tar.gz"

[[tools.node]]
version = "26.10.0"
backend = "core:node"

[tools.node."platforms.linux-arm64"]
checksum = "sha256:423a41bff8e2a2fa15e702fefe2919ef95823b2378744daccb8439302534b44f"
url = "https://nodejs.org/dist/v26.10.0/node-v26.10.0-linux-arm64.tar.gz"

[tools.node."platforms.linux-x64"]
checksum = "sha256:cb5c9ce9c80d7b8821e3a258543c71b939138cf17c74d5cc44bbe85d6dbc5ad8"
url = "https://nodejs.org/dist/v26.10.0/node-v26.10.0-linux-x64.tar.gz"

[tools.node."platforms.macos-arm64"]
checksum = "sha256:751fdf7439f115d87ee2a8f3f18c065b6151852068e3e666ac60ac2996f75ac9"
url = "https://nodejs.org/dist/v26.10.0/node-v26.10.0-darwin-arm64.tar.gz"

[[tools.oci]]
version = "3.94.1"
backend = "asdf:oci"

[[tools.oxfmt]]
version = "0.71.0"
backend = "npm:oxfmt"

[[tools.python]]
version = "3.14.8"
backend = "core:python"

[tools.python."platforms.linux-arm64"]
checksum = "sha256:4395ae16388f9d3409cba7e20161753ed3359b13d959345415029f874f675162"
url = "https://github.com/astral-sh/python-build-standalone/releases/download/20261001/cpython-3.14.8+20261001-aarch64-unknown-linux-gnu-install_only_stripped.tar.gz"
provenance = "github-attestations"

[tools.python."platforms.linux-x64"]
checksum = "sha256:b373a4a4e4e70fc05f368c9b53d7738bf37637682b650d96c742805d2da26c32"
url = "https://github.com/astral-sh/python-build-standalone/releases/download/20261001/cpython-3.14.8+20261001-x86_64-unknown-linux-gnu-install_only_stripped.tar.gz"
provenance = "github-attestations"

[tools.python."platforms.macos-arm64"]
checksum = "sha256:69e48cd7f54261df5b6abbd374f69fe6e496fa781d271592aeef49cd5ffbea6c"
url = "https://github.com/astral-sh/python-build-standalone/releases/download/20261001/cpython-3.14.8+20261001-aarch64-apple-darwin-install_only_stripped.tar.gz"
provenance = "github-attestations"

[[tools.shellcheck]]
version = "0.11.0"
backend = "aqua:koalaman/shellcheck"

[tools.shellcheck."platforms.linux-arm64"]
checksum = "sha256:12b331c1d2db6b9eb13cfca64306b1b157a86eb69db83023e261eaa7e7c14588"
url = "https://github.com/koalaman/shellcheck/releases/download/v0.11.0/shellcheck-v0.11.0.linux.aarch64.tar.xz"
url_api = "https://api.github.com/repos/koalaman/shellcheck/releases/assets/279056934"

[tools.shellcheck."platforms.linux-x64"]
checksum = "sha256:8c3be12b05d5c177a04c29e3c78ce89ac86f1595681cab149b65b97c4e227198"
url = "https://github.com/koalaman/shellcheck/releases/download/v0.11.0/shellcheck-v0.11.0.linux.x86_64.tar.xz"
url_api = "https://api.github.com/repos/koalaman/shellcheck/releases/assets/279056942"

[tools.shellcheck."platforms.macos-arm64"]
checksum = "sha256:56affdd8de5527894dca6dc3d7e0a99a873b0f004d7aabc30ae407d3f48b0a79"
url = "https://github.com/koalaman/shellcheck/releases/download/v0.11.0/shellcheck-v0.11.0.darwin.aarch64.tar.xz"
url_api = "https://api.github.com/repos/koalaman/shellcheck/releases/assets/279056932"

[[tools.shfmt]]
version = "3.14.1"
backend = "aqua:mvdan/sh"

[tools.shfmt."platforms.linux-arm64"]
checksum = "sha256:5f2db09dae91fca848f7adbdd014632e921a383863a2ad7e0450ad3aba0c6489"
url = "https://github.com/mvdan/sh/releases/download/v3.14.1/shfmt_v3.14.1_linux_arm64"
url_api = "https://api.github.com/repos/mvdan/sh/releases/assets/547320869"

[tools.shfmt."platforms.linux-x64"]
checksum = "sha256:76e77641faa025814b77f153b29796b8e6fa2fca03e0c76a691608b86c7ea7bf"
url = "https://github.com/mvdan/sh/releases/download/v3.14.1/shfmt_v3.14.1_linux_amd64"
url_api = "https://api.github.com/repos/mvdan/sh/releases/assets/547320883"

[tools.shfmt."platforms.macos-arm64"]
checksum = "sha256:b7c872db63553ccffc7253aba3ed7d4885a27d83f1ba567b1138c6315a5847e5"
url = "https://github.com/mvdan/sh/releases/download/v3.14.1/shfmt_v3.14.1_darwin_arm64"
url_api = "https://api.github.com/repos/mvdan/sh/releases/assets/547320930"

[[tools.sops]]
version = "3.13.3"
backend = "aqua:getsops/sops"

[tools.sops."platforms.linux-arm64"]
checksum = "sha256:53b0abacd38ef1b12a66d6c100956691b9cefce018d91f81e73ddf7438b94d77"
url = "https://github.com/getsops/sops/releases/download/v3.13.3/sops-v3.13.3.linux.arm64"
url_api = "https://api.github.com/repos/getsops/sops/releases/assets/486808229"

[tools.sops."platforms.linux-arm64".provenance.slsa]
url = "https://github.com/getsops/sops/releases/download/v3.13.3/sops-v3.13.3.intoto.jsonl"

[tools.sops."platforms.linux-x64"]
checksum = "sha256:e5bec3346a873ae91d871550f3e698c1aad962aff462a080e40f25fde17fef6b"
url = "https://github.com/getsops/sops/releases/download/v3.13.3/sops-v3.13.3.linux.amd64"
url_api = "https://api.github.com/repos/getsops/sops/releases/assets/486808201"

[tools.sops."platforms.linux-x64".provenance.slsa]
url = "https://github.com/getsops/sops/releases/download/v3.13.3/sops-v3.13.3.intoto.jsonl"

[tools.sops."platforms.macos-arm64"]
checksum = "sha256:b97c0d434aab577dc40310e8d22ff9e45eef4c80638ab978daae9b4681c59286"
url = "https://github.com/getsops/sops/releases/download/v3.13.3/sops-v3.13.3.darwin.arm64"
url_api = "https://api.github.com/repos/getsops/sops/releases/assets/486808198"

[tools.sops."platforms.macos-arm64".provenance.slsa]
url = "https://github.com/getsops/sops/releases/download/v3.13.3/sops-v3.13.3.intoto.jsonl"

[[tools.talhelper]]
version = "3.1.17"
backend = "aqua:budimanjojo/talhelper"

[tools.talhelper."platforms.linux-arm64"]
checksum = "sha256:1841915ec6f533ef653baedc5f1cbf68683e0ca9a72f240ac2f257d94f68798b"
url = "https://github.com/budimanjojo/talhelper/releases/download/v3.1.17/talhelper_linux_arm64.tar.gz"
url_api = "https://api.github.com/repos/budimanjojo/talhelper/releases/assets/530086688"

[tools.talhelper."platforms.linux-x64"]
checksum = "sha256:dff9162569004637b6a842c4020d909b0ffbc7fbbe2fca23a754708db95be204"
url = "https://github.com/budimanjojo/talhelper/releases/download/v3.1.17/talhelper_linux_amd64.tar.gz"
url_api = "https://api.github.com/repos/budimanjojo/talhelper/releases/assets/530086690"

[tools.talhelper."platforms.macos-arm64"]
checksum = "sha256:cf86526d730010193d3e858f13242e5f0c94fdcefe5e001716c552211b1e95b0"
url = "https://github.com/budimanjojo/talhelper/releases/download/v3.1.17/talhelper_darwin_arm64.tar.gz"
url_api = "https://api.github.com/repos/budimanjojo/talhelper/releases/assets/530086691"

[[tools.talosctl]]
version = "1.14.2"
backend = "aqua:siderolabs/talos"

[tools.talosctl."platforms.linux-arm64"]
checksum = "sha256:5b7119f9cc68c1e6dcd394564208a9ae417c5cc9e8e2585fa173082e53f5e6d7"
url = "https://github.com/siderolabs/talos/releases/download/v1.14.2/talosctl-linux-arm64"
url_api = "https://api.github.com/repos/siderolabs/talos/releases/assets/599059725"
provenance = "cosign"

[tools.talosctl."platforms.linux-x64"]
checksum = "sha256:c6c9552b0e5f767352c595fa1c0af4f186f697488646872955057d23990a66c4"
url = "https://github.com/siderolabs/talos/releases/download/v1.14.2/talosctl-linux-amd64"
url_api = "https://api.github.com/repos/siderolabs/talos/releases/assets/599059721"
provenance = "cosign"

[tools.talosctl."platforms.macos-arm64"]
checksum = "sha256:4b509e96912278f2af58dc0005be5252124bcba4b87a7f877674160bbf000b6f"
url = "https://github.com/siderolabs/talos/releases/download/v1.14.2/talosctl-darwin-arm64"
url_api = "https://api.github.com/repos/siderolabs/talos/releases/assets/599059741"
provenance = "cosign"

[[tools.taplo]]
version = "0.10.0"
backend = "aqua:tamasfe/taplo"

[tools.taplo."platforms.linux-arm64"]
url = "https://github.com/tamasfe/taplo/releases/download/0.10.0/taplo-linux-aarch64.gz"
url_api = "https://api.github.com/repos/tamasfe/taplo/releases/assets/257322597"

[tools.taplo."platforms.linux-x64"]
url = "https://github.com/tamasfe/taplo/releases/download/0.10.0/taplo-linux-x86_64.gz"
url_api = "https://api.github.com/repos/tamasfe/taplo/releases/assets/257322600"

[tools.taplo."platforms.macos-arm64"]
checksum = "blake3:353ecb1ed7d279dec5e2fd388d292ef97db08a651405fa664ffec1b2896c05f0"
url = "https://github.com/tamasfe/taplo/releases/download/0.10.0/taplo-darwin-aarch64.gz"
url_api = "https://api.github.com/repos/tamasfe/taplo/releases/assets/257323110"

[[tools.uv]]
version = "0.12.22"
backend = "aqua:astral-sh/uv"

[tools.uv."platforms.linux-arm64"]
checksum = "sha256:6f66a14e8239871fb477f9746c941fedfa77e8fe28a8bc7c07e1dc7f53a66712"
url = "https://github.com/astral-sh/uv/releases/download/0.12.22/uv-aarch64-unknown-linux-gnu.tar.gz"
url_api = "https://api.github.com/repos/astral-sh/uv/releases/assets/604418317"
provenance = "github-attestations"

[tools.uv."platforms.linux-x64"]
checksum = "sha256:b9980552309f09c15172b8be828555e375097f16deb459795ce7bfd200380f0b"
url = "https://github.com/astral-sh/uv/releases/download/0.12.22/uv-x86_64-unknown-linux-gnu.tar.gz"
url_api = "https://api.github.com/repos/astral-sh/uv/releases/assets/604418465"
provenance = "github-attestations"

[tools.uv."platforms.macos-arm64"]
checksum = "sha256:5d714de09501a59393ceca78f4bc232a50478729640d251907160299b2a93ddd"
url = "https://github.com/astral-sh/uv/releases/download/0.12.22/uv-aarch64-apple-darwin.tar.gz"
url_api = "https://api.github.com/repos/astral-sh/uv/releases/assets/604418308"
provenance = "github-attestations"

[[tools.yamlfmt]]
version = "0.21.0"
backend = "aqua:google/yamlfmt"

[tools.yamlfmt."platforms.linux-arm64"]
checksum = "sha256:5b2689c963b177271330c5ce8ca7396751107e5a826be46f03d2cb9b6f0c7784"
url = "https://github.com/google/yamlfmt/releases/download/v0.21.0/yamlfmt_0.21.0_Linux_arm64.tar.gz"
url_api = "https://api.github.com/repos/google/yamlfmt/releases/assets/336650208"

[tools.yamlfmt."platforms.linux-x64"]
checksum = "sha256:1f300d9257b232bb3b541d7fb1b0e6b3c121bcbab381c86cd38cb8722be8a566"
url = "https://github.com/google/yamlfmt/releases/download/v0.21.0/yamlfmt_0.21.0_Linux_x86_64.tar.gz"
url_api = "https://api.github.com/repos/google/yamlfmt/releases/assets/336650203"

[tools.yamlfmt."platforms.macos-arm64"]
checksum = "sha256:4b417ecb94339d57e4c122ecc948c1a00fe328b5853266de9806e652a92858fa"
url = "https://github.com/google/yamlfmt/releases/download/v0.21.0/yamlfmt_0.21.0_Darwin_arm64.tar.gz"
url_api = "https://api.github.com/repos/google/yamlfmt/releases/assets/336650209"

[[tools.yamllint]]
version = "1.38.0"
backend = "pipx:yamllint"

[[tools.yq]]
version = "4.54.1"
backend = "aqua:mikefarah/yq"

[tools.yq."platforms.linux-arm64"]
checksum = "sha256:189088da0c6429ec5178dfaab1a114805f6cab0b61b165ab236efedf1d57a71b"
url = "https://github.com/mikefarah/yq/releases/download/v4.54.1/yq_linux_arm64"
url_api = "https://api.github.com/repos/mikefarah/yq/releases/assets/597222603"
provenance = "cosign"

[tools.yq."platforms.linux-x64"]
checksum = "sha256:8e34fc298390875de416e6a4afcb8cabeceb25d9aa8506c1a2f9353cf702ea5f"
url = "https://github.com/mikefarah/yq/releases/download/v4.54.1/yq_linux_amd64"
url_api = "https://api.github.com/repos/mikefarah/yq/releases/assets/597222595"
provenance = "cosign"

[tools.yq."platforms.macos-arm64"]
checksum = "sha256:fee511a181bd8b3e6b7da98842b41973bfac8cd3bcd341ed29a584620b5b2844"
url = "https://github.com/mikefarah/yq/releases/download/v4.54.1/yq_darwin_arm64"
url_api = "https://api.github.com/repos/mikefarah/yq/releases/assets/597222609"
provenance = "cosign"

[[tools.zizmor]]
version = "1.30.1"
backend = "aqua:zizmorcore/zizmor"

[tools.zizmor."platforms.linux-arm64"]
checksum = "sha256:7ff1dce33bdd18fd2a4affe63bdd47efcccca97b2cec1c1863ec26e9e2647540"
url = "https://github.com/zizmorcore/zizmor/releases/download/v1.30.1/zizmor-aarch64-unknown-linux-gnu.tar.gz"
url_api = "https://api.github.com/repos/zizmorcore/zizmor/releases/assets/552067643"
provenance = "github-attestations"

[tools.zizmor."platforms.linux-x64"]
checksum = "sha256:e65324f4430c2717591937edcec90ccbefaf14c174f8ec9415e03ca875b46e1a"
url = "https://github.com/zizmorcore/zizmor/releases/download/v1.30.1/zizmor-x86_64-unknown-linux-gnu.tar.gz"
url_api = "https://api.github.com/repos/zizmorcore/zizmor/releases/assets/552067642"
provenance = "github-attestations"

[tools.zizmor."platforms.macos-arm64"]
checksum = "sha256:e28d22b087f9ebb8d99da6e740d348c930f559961c7c3f12badda54f882195a2"
url = "https://github.com/zizmorcore/zizmor/releases/download/v1.30.1/zizmor-aarch64-apple-darwin.tar.gz"
url_api = "https://api.github.com/repos/zizmorcore/zizmor/releases/assets/552067640"
provenance = "github-attestations"
