# @generated - this file is auto-generated by `mise lock` https://mise.en.dev/dev-tools/mise-lock.html

[conda-packages.macos-arm64."aom-3.9.1-h7bae524_0"]
url = "https://conda.anaconda.org/conda-forge/osx-arm64/aom-3.9.1-h7bae524_0.conda"
checksum = "sha256:ec238f18ce8140485645252351a0eca9ef4f7a1c568a420f240a585229bc12ef"

[conda-packages.macos-arm64."bzip2-1.0.8-hd037594_9"]
url = "https://conda.anaconda.org/conda-forge/osx-arm64/bzip2-1.0.8-hd037594_9.conda"
checksum = "sha256:540fe54be35fac0c17feefbdc3e29725cce05d7367ffedfaaa1bdda234b019df"

[conda-packages.macos-arm64."ca-certificates-2026.5.20-hbd8a1cb_0"]
url = "https://conda.anaconda.org/conda-forge/noarch/ca-certificates-2026.5.20-hbd8a1cb_0.conda"
checksum = "sha256:9812a303a1395e1dafbd92e5bc8a1ff6013bcbba0a09c7f03a8d23e43560aa9b"

[conda-packages.macos-arm64."cairo-1.18.4-he0f2337_1"]
url = "https://conda.anaconda.org/conda-forge/osx-arm64/cairo-1.18.4-he0f2337_1.conda"
checksum = "sha256:cde9b79ee206fe3ba6ca2dc5906593fb7a1350515f85b2a1135a4ce8ec1539e3"

[conda-packages.macos-arm64."dav1d-1.2.1-hb547adb_0"]
url = "https://conda.anaconda.org/conda-forge/osx-arm64/dav1d-1.2.1-hb547adb_0.conda"
checksum = "sha256:93e077b880a85baec8227e8c72199220c7f87849ad32d02c14fb3807368260b8"

[conda-packages.macos-arm64."dbus-1.16.2-h3ff7a7c_1"]
url = "https://conda.anaconda.org/conda-forge/osx-arm64/dbus-1.16.2-h3ff7a7c_1.conda"
checksum = "sha256:a8207751ed261764061866880da38e4d3063e167178bfe85b6db9501432462ba"

[conda-packages.macos-arm64."font-ttf-dejavu-sans-mono-2.37-hab24e00_0"]
url = "https://conda.anaconda.org/conda-forge/noarch/font-ttf-dejavu-sans-mono-2.37-hab24e00_0.tar.bz2"
checksum = "sha256:58d7f40d2940dd0a8aa28651239adbf5613254df0f75789919c4e6762054403b"

[conda-packages.macos-arm64."font-ttf-inconsolata-3.000-h77eed37_0"]
url = "https://conda.anaconda.org/conda-forge/noarch/font-ttf-inconsolata-3.000-h77eed37_0.tar.bz2"
checksum = "sha256:c52a29fdac682c20d252facc50f01e7c2e7ceac52aa9817aaf0bb83f7559ec5c"

[conda-packages.macos-arm64."font-ttf-source-code-pro-2.038-h77eed37_0"]
url = "https://conda.anaconda.org/conda-forge/noarch/font-ttf-source-code-pro-2.038-h77eed37_0.tar.bz2"
checksum = "sha256:00925c8c055a2275614b4d983e1df637245e19058d79fc7dd1a93b8d9fb4b139"

[conda-packages.macos-arm64."font-ttf-ubuntu-0.83-h77eed37_3"]
url = "https://conda.anaconda.org/conda-forge/noarch/font-ttf-ubuntu-0.83-h77eed37_3.conda"
checksum = "sha256:2821ec1dc454bd8b9a31d0ed22a7ce22422c0aef163c59f49dfdf915d0f0ca14"

[conda-packages.macos-arm64."fontconfig-2.18.0-h2b252f5_0"]
url = "https://conda.anaconda.org/conda-forge/osx-arm64/fontconfig-2.18.0-h2b252f5_0.conda"
checksum = "sha256:938d18fca474d5a7ed716b88dbc4f962f9a44ac9f2fe29393d7d9d04ac6cbf15"

[conda-packages.macos-arm64.fonts-conda-ecosystem-1-0]
url = "https://conda.anaconda.org/conda-forge/noarch/fonts-conda-ecosystem-1-0.tar.bz2"
checksum = "sha256:a997f2f1921bb9c9d76e6fa2f6b408b7fa549edd349a77639c9fe7a23ea93e61"

[conda-packages.macos-arm64.fonts-conda-forge-1-hc364b38_1]
url = "https://conda.anaconda.org/conda-forge/noarch/fonts-conda-forge-1-hc364b38_1.conda"
checksum = "sha256:54eea8469786bc2291cc40bca5f46438d3e062a399e8f53f013b6a9f50e98333"

[conda-packages.macos-arm64."fribidi-1.0.16-hc919400_0"]
url = "https://conda.anaconda.org/conda-forge/osx-arm64/fribidi-1.0.16-hc919400_0.conda"
checksum = "sha256:d856dc6744ecfba78c5f7df3378f03a75c911aadac803fa2b41a583667b4b600"

[conda-packages.macos-arm64."gdk-pixbuf-2.44.6-h4e57454_0"]
url = "https://conda.anaconda.org/conda-forge/osx-arm64/gdk-pixbuf-2.44.6-h4e57454_0.conda"
checksum = "sha256:07cbba4e12430de35ea608eb3006cf1f7f63832c4f89a081cd6f3872944c1aa6"

[conda-packages.macos-arm64."glslang-16.3.0-h7cb4797_0"]
url = "https://conda.anaconda.org/conda-forge/osx-arm64/glslang-16.3.0-h7cb4797_0.conda"
checksum = "sha256:d5bb8e2373cb39d1404ef7dc8019e764b27180c8a0f88ba234a595dc330caabb"

[conda-packages.macos-arm64."gmp-6.3.0-h7bae524_2"]
url = "https://conda.anaconda.org/conda-forge/osx-arm64/gmp-6.3.0-h7bae524_2.conda"
checksum = "sha256:76e222e072d61c840f64a44e0580c2503562b009090f55aa45053bf1ccb385dd"

[conda-packages.macos-arm64."graphite2-1.3.14-hec049ff_2"]
url = "https://conda.anaconda.org/conda-forge/osx-arm64/graphite2-1.3.14-hec049ff_2.conda"
checksum = "sha256:c507ae9989dbea7024aa6feaebb16cbf271faac67ac3f0342ef1ab747c20475d"

[conda-packages.macos-arm64."harfbuzz-14.2.0-h3103d1b_0"]
url = "https://conda.anaconda.org/conda-forge/osx-arm64/harfbuzz-14.2.0-h3103d1b_0.conda"
checksum = "sha256:40ccd6a589c60a4cedb2f9921dfa60ea5845b5ce323477b042b6f90218b239f6"

[conda-packages.macos-arm64."icu-78.3-hef89b57_0"]
url = "https://conda.anaconda.org/conda-forge/osx-arm64/icu-78.3-hef89b57_0.conda"
checksum = "sha256:3a7907a17e9937d3a46dfd41cffaf815abad59a569440d1e25177c15fd0684e5"

[conda-packages.macos-arm64."lame-3.100-h1a8c8d9_1003"]
url = "https://conda.anaconda.org/conda-forge/osx-arm64/lame-3.100-h1a8c8d9_1003.tar.bz2"
checksum = "sha256:f40ce7324b2cf5338b766d4cdb8e0453e4156a4f83c2f31bbfff750785de304c"

[conda-packages.macos-arm64."lcms2-2.19.1-hdfa7624_0"]
url = "https://conda.anaconda.org/conda-forge/osx-arm64/lcms2-2.19.1-hdfa7624_0.conda"
checksum = "sha256:d589ff5294e42576563b22bdea0860cb80b0cbe0f3852836eddaadedf6eec4ef"

[conda-packages.macos-arm64."lerc-4.1.0-h1eee2c3_0"]
url = "https://conda.anaconda.org/conda-forge/osx-arm64/lerc-4.1.0-h1eee2c3_0.conda"
checksum = "sha256:66e5ffd301a44da696f3efc2f25d6d94f42a9adc0db06c44ad753ab844148c51"

[conda-packages.macos-arm64."libabseil-20260107.1-cxx17_h2062a1b_0"]
url = "https://conda.anaconda.org/conda-forge/osx-arm64/libabseil-20260107.1-cxx17_h2062a1b_0.conda"
checksum = "sha256:756611fbb8d2957a5b4635d9772bd8432cb6ddac05580a6284cca6fdc9b07fca"

[conda-packages.macos-arm64."libass-0.17.4-hcbd7ca7_0"]
url = "https://conda.anaconda.org/conda-forge/osx-arm64/libass-0.17.4-hcbd7ca7_0.conda"
checksum = "sha256:079f5fdf7aace970a0db91cd2cc493c754dfdc4520d422ecec43d2561021167a"

[conda-packages.macos-arm64."libbrotlicommon-1.2.0-hc919400_1"]
url = "https://conda.anaconda.org/conda-forge/osx-arm64/libbrotlicommon-1.2.0-hc919400_1.conda"
checksum = "sha256:a7cb9e660531cf6fbd4148cff608c85738d0b76f0975c5fc3e7d5e92840b7229"

[conda-packages.macos-arm64."libbrotlidec-1.2.0-hc919400_1"]
url = "https://conda.anaconda.org/conda-forge/osx-arm64/libbrotlidec-1.2.0-hc919400_1.conda"
checksum = "sha256:2eae444039826db0454b19b52a3390f63bfe24f6b3e63089778dd5a5bf48b6bf"

[conda-packages.macos-arm64."libbrotlienc-1.2.0-hc919400_1"]
url = "https://conda.anaconda.org/conda-forge/osx-arm64/libbrotlienc-1.2.0-hc919400_1.conda"
checksum = "sha256:01436c32bb41f9cb4bcf07dda647ce4e5deb8307abfc3abdc8da5317db8189d1"

[conda-packages.macos-arm64."libcxx-22.1.6-h55c6f16_0"]
url = "https://conda.anaconda.org/conda-forge/osx-arm64/libcxx-22.1.6-h55c6f16_0.conda"
checksum = "sha256:3e2f8ad32ddab88c5114b9aa2160f8c129f515df0e551d0d86ef5744446afdbd"

[conda-packages.macos-arm64."libdeflate-1.25-hc11a715_0"]
url = "https://conda.anaconda.org/conda-forge/osx-arm64/libdeflate-1.25-hc11a715_0.conda"
checksum = "sha256:5e0b6961be3304a5f027a8c00bd0967fc46ae162cffb7553ff45c70f51b8314c"

[conda-packages.macos-arm64."libdovi-3.3.2-h78f8ca3_4"]
url = "https://conda.anaconda.org/conda-forge/osx-arm64/libdovi-3.3.2-h78f8ca3_4.conda"
checksum = "sha256:0eff0b03662d30b14b6f95a930fedf19948d45b05653389f59ae964ddf92ba9c"

[conda-packages.macos-arm64."libexpat-2.8.1-hf6b4638_0"]
url = "https://conda.anaconda.org/conda-forge/osx-arm64/libexpat-2.8.1-hf6b4638_0.conda"
checksum = "sha256:3133fb6bfa871288b92c8b8752696686a841bf4ffe035aa3038033c9e15b738e"

[conda-packages.macos-arm64."libffi-3.5.2-hcf2aa1b_0"]
url = "https://conda.anaconda.org/conda-forge/osx-arm64/libffi-3.5.2-hcf2aa1b_0.conda"
checksum = "sha256:6686a26466a527585e6a75cc2a242bf4a3d97d6d6c86424a441677917f28bec7"

[conda-packages.macos-arm64."libfreetype-2.14.3-hce30654_0"]
url = "https://conda.anaconda.org/conda-forge/osx-arm64/libfreetype-2.14.3-hce30654_0.conda"
checksum = "sha256:a047a2f238362a37d484f9620e8cba29f513a933cd9eb68571ad4b270d6f8f3e"

[conda-packages.macos-arm64."libfreetype6-2.14.3-hdfa99f5_0"]
url = "https://conda.anaconda.org/conda-forge/osx-arm64/libfreetype6-2.14.3-hdfa99f5_0.conda"
checksum = "sha256:ff764608e1f2839e95e2cf9b243681475f8778c36af7a42b3f78f476fdbb1dd3"

[conda-packages.macos-arm64."libglib-2.88.1-ha08bb59_2"]
url = "https://conda.anaconda.org/conda-forge/osx-arm64/libglib-2.88.1-ha08bb59_2.conda"
checksum = "sha256:3b32a7a710132d509f2ea38b2f0384414c863533e0fc7ac71b6a0763e4c67424"

[conda-packages.macos-arm64."libhwloc-2.13.0-default_ha97f43a_1000"]
url = "https://conda.anaconda.org/conda-forge/osx-arm64/libhwloc-2.13.0-default_ha97f43a_1000.conda"
checksum = "sha256:d47c3c030671d196ff1cdd343e93eb2ae0d7b665cb79f8164cc91488796db437"

[conda-packages.macos-arm64."libhwy-1.4.0-ha332bbd_0"]
url = "https://conda.anaconda.org/conda-forge/osx-arm64/libhwy-1.4.0-ha332bbd_0.conda"
checksum = "sha256:4fcad3cbec60da940312e883b7866816517acc5f9baecfe9a778de57327a1b1b"

[conda-packages.macos-arm64."libiconv-1.18-h23cfdf5_2"]
url = "https://conda.anaconda.org/conda-forge/osx-arm64/libiconv-1.18-h23cfdf5_2.conda"
checksum = "sha256:de0336e800b2af9a40bdd694b03870ac4a848161b35c8a2325704f123f185f03"

[conda-packages.macos-arm64."libintl-0.25.1-h493aca8_0"]
url = "https://conda.anaconda.org/conda-forge/osx-arm64/libintl-0.25.1-h493aca8_0.conda"
checksum = "sha256:99d2cebcd8f84961b86784451b010f5f0a795ed1c08f1e7c76fbb3c22abf021a"

[conda-packages.macos-arm64."libjpeg-turbo-3.1.4.1-h84a0fba_0"]
url = "https://conda.anaconda.org/conda-forge/osx-arm64/libjpeg-turbo-3.1.4.1-h84a0fba_0.conda"
checksum = "sha256:17e035ae6a520ff6a6bb5dd93a4a7c3895891f4f9743bcb8c6ef607445a31cd0"

[conda-packages.macos-arm64."libjxl-0.11.2-h934fa54_1"]
url = "https://conda.anaconda.org/conda-forge/osx-arm64/libjxl-0.11.2-h934fa54_1.conda"
checksum = "sha256:948cf1370abb58e06a7c9554838c68672ef1d78e01c3fc4e62ccfc3072579645"

[conda-packages.macos-arm64."liblzma-5.8.3-h8088a28_0"]
url = "https://conda.anaconda.org/conda-forge/osx-arm64/liblzma-5.8.3-h8088a28_0.conda"
checksum = "sha256:34878d87275c298f1a732c6806349125cebbf340d24c6c23727268184bba051e"

[conda-packages.macos-arm64."libogg-1.3.5-h48c0fde_1"]
url = "https://conda.anaconda.org/conda-forge/osx-arm64/libogg-1.3.5-h48c0fde_1.conda"
checksum = "sha256:28bd1fe20fe43da105da41b95ac201e95a1616126f287985df8e86ddebd1c3d8"

[conda-packages.macos-arm64."libopenvino-2026.0.0-h3e6d54f_1"]
url = "https://conda.anaconda.org/conda-forge/osx-arm64/libopenvino-2026.0.0-h3e6d54f_1.conda"
checksum = "sha256:ffbd4a3c8540dfaddbdd68cf3073967a3c8faadd97d7df912f73734e53f9213e"

[conda-packages.macos-arm64."libopenvino-arm-cpu-plugin-2026.0.0-h3e6d54f_1"]
url = "https://conda.anaconda.org/conda-forge/osx-arm64/libopenvino-arm-cpu-plugin-2026.0.0-h3e6d54f_1.conda"
checksum = "sha256:352ebc24805cb756ef11afa5c9606b3e19da99e434afc35cddc356538b5ec49d"

[conda-packages.macos-arm64."libopenvino-auto-batch-plugin-2026.0.0-h2406d2e_1"]
url = "https://conda.anaconda.org/conda-forge/osx-arm64/libopenvino-auto-batch-plugin-2026.0.0-h2406d2e_1.conda"
checksum = "sha256:1cbbf43149334ccf793f782bd0924e08e5952c667578ac33a33076a4ab54ad47"

[conda-packages.macos-arm64."libopenvino-auto-plugin-2026.0.0-h2406d2e_1"]
url = "https://conda.anaconda.org/conda-forge/osx-arm64/libopenvino-auto-plugin-2026.0.0-h2406d2e_1.conda"
checksum = "sha256:fa6c01a897ccc92998cae1e75ac65c68f311ad0834182801d5d3139ac307309f"

[conda-packages.macos-arm64."libopenvino-hetero-plugin-2026.0.0-h85cbfa6_1"]
url = "https://conda.anaconda.org/conda-forge/osx-arm64/libopenvino-hetero-plugin-2026.0.0-h85cbfa6_1.conda"
checksum = "sha256:18e6b6d061d27049e2a34fbd1a633209294eb700aa7eee7a3d2877ce4d45888b"

[conda-packages.macos-arm64."libopenvino-ir-frontend-2026.0.0-h85cbfa6_1"]
url = "https://conda.anaconda.org/conda-forge/osx-arm64/libopenvino-ir-frontend-2026.0.0-h85cbfa6_1.conda"
checksum = "sha256:166792875fe62f90a528a4931f29ea18cf74694469870e98c8772460f92fc653"

[conda-packages.macos-arm64."libopenvino-onnx-frontend-2026.0.0-h41365f2_1"]
url = "https://conda.anaconda.org/conda-forge/osx-arm64/libopenvino-onnx-frontend-2026.0.0-h41365f2_1.conda"
checksum = "sha256:eb307ee1ad8eb47aa011d03d77995bfd1153b80893ab5880fd928093ad50cab4"

[conda-packages.macos-arm64."libopenvino-paddle-frontend-2026.0.0-h41365f2_1"]
url = "https://conda.anaconda.org/conda-forge/osx-arm64/libopenvino-paddle-frontend-2026.0.0-h41365f2_1.conda"
checksum = "sha256:e3ca93158beac502b65256ae78736889e8b40184b0dc938a1b8136ae2a0c3a4d"

[conda-packages.macos-arm64."libopenvino-pytorch-frontend-2026.0.0-hf6b4638_1"]
url = "https://conda.anaconda.org/conda-forge/osx-arm64/libopenvino-pytorch-frontend-2026.0.0-hf6b4638_1.conda"
checksum = "sha256:c694e5dc1bbb2ea876e65c8c33b148a24f56b5f7a60f8449ca62b159d9020709"

[conda-packages.macos-arm64."libopenvino-tensorflow-frontend-2026.0.0-hc295da0_1"]
url = "https://conda.anaconda.org/conda-forge/osx-arm64/libopenvino-tensorflow-frontend-2026.0.0-hc295da0_1.conda"
checksum = "sha256:f680809aef09ca68d7446e3f1810ca3f3d9f744cbfe3a8d8ec9bd807f17d80fd"

[conda-packages.macos-arm64."libopenvino-tensorflow-lite-frontend-2026.0.0-hf6b4638_1"]
url = "https://conda.anaconda.org/conda-forge/osx-arm64/libopenvino-tensorflow-lite-frontend-2026.0.0-hf6b4638_1.conda"
checksum = "sha256:3079cdc940a7e0b84376845accefd084f9a01c37af5901083ae47cc02fd5723d"

[conda-packages.macos-arm64."libopus-1.6.1-h1a92334_0"]
url = "https://conda.anaconda.org/conda-forge/osx-arm64/libopus-1.6.1-h1a92334_0.conda"
checksum = "sha256:5c95a5f7712f543c59083e62fc3a95efec8b7f3773fbf4542ad1fb87fbf51ff4"

[conda-packages.macos-arm64."libplacebo-7.360.1-h176d363_0"]
url = "https://conda.anaconda.org/conda-forge/osx-arm64/libplacebo-7.360.1-h176d363_0.conda"
checksum = "sha256:e9b39572e2feaef496167ba9f4ab75ed3afa4c16c3aeb0bb8c71adc515a74536"

[conda-packages.macos-arm64."libpng-1.6.58-h132b30e_0"]
url = "https://conda.anaconda.org/conda-forge/osx-arm64/libpng-1.6.58-h132b30e_0.conda"
checksum = "sha256:66eae34546df1f098a67064970c92aa14ae7a7505091889e00468294d2882c36"

[conda-packages.macos-arm64."libprotobuf-6.33.5-h4a5acfd_0"]
url = "https://conda.anaconda.org/conda-forge/osx-arm64/libprotobuf-6.33.5-h4a5acfd_0.conda"
checksum = "sha256:626852cd50690526c9eac216a9f467edd4cbb01060d0efe41b7def10b54bdb08"

[conda-packages.macos-arm64."librsvg-2.62.2-he8aa2a2_0"]
url = "https://conda.anaconda.org/conda-forge/osx-arm64/librsvg-2.62.2-he8aa2a2_0.conda"
checksum = "sha256:17c1544598dd50840e74ef17ea5b4fd27408140827f3f2c17c052086d4036a88"

[conda-packages.macos-arm64."libtiff-4.7.1-h4030677_1"]
url = "https://conda.anaconda.org/conda-forge/osx-arm64/libtiff-4.7.1-h4030677_1.conda"
checksum = "sha256:e9248077b3fa63db94caca42c8dbc6949c6f32f94d1cafad127f9005d9b1507f"

[conda-packages.macos-arm64."libusb-1.0.29-hbc156a2_0"]
url = "https://conda.anaconda.org/conda-forge/osx-arm64/libusb-1.0.29-hbc156a2_0.conda"
checksum = "sha256:5eee9a2bf359e474d4548874bcfc8d29ebad0d9ba015314439c256904e40aaad"

[conda-packages.macos-arm64."libvorbis-1.3.7-h81086ad_2"]
url = "https://conda.anaconda.org/conda-forge/osx-arm64/libvorbis-1.3.7-h81086ad_2.conda"
checksum = "sha256:95768e4eceaffb973081fd986d03da15d93aa10609ed202e6fd5ca1e490a3dce"

[conda-packages.macos-arm64."libvpx-1.15.2-ha759d40_0"]
url = "https://conda.anaconda.org/conda-forge/osx-arm64/libvpx-1.15.2-ha759d40_0.conda"
checksum = "sha256:d21729b04fe101d1b2f8cdd607faacf1070abba3702db699787a3fe026eeaca6"

[conda-packages.macos-arm64."libvulkan-loader-1.4.341.0-h3feff0a_0"]
url = "https://conda.anaconda.org/conda-forge/osx-arm64/libvulkan-loader-1.4.341.0-h3feff0a_0.conda"
checksum = "sha256:d2790dafc9149b1acd45b9033d02cfa3f3e9ee5af97bd61e0a5718c414a0a135"

[conda-packages.macos-arm64."libwebp-base-1.6.0-h07db88b_0"]
url = "https://conda.anaconda.org/conda-forge/osx-arm64/libwebp-base-1.6.0-h07db88b_0.conda"
checksum = "sha256:a4de3f371bb7ada325e1f27a4ef7bcc81b2b6a330e46fac9c2f78ac0755ea3dd"

[conda-packages.macos-arm64."libxml2-16-2.15.3-h5ef1a60_0"]
url = "https://conda.anaconda.org/conda-forge/osx-arm64/libxml2-16-2.15.3-h5ef1a60_0.conda"
checksum = "sha256:ff75b84cdb9e8d123db2fa694a8ac2c2059516b6cbc98ac21fb68e235d0fd354"

[conda-packages.macos-arm64."libxml2-2.15.3-h5654f7c_0"]
url = "https://conda.anaconda.org/conda-forge/osx-arm64/libxml2-2.15.3-h5654f7c_0.conda"
checksum = "sha256:2fe1d8de0854342ae9cabe408b476935f82f5636e153b3b497456264dc8ff3a1"

[conda-packages.macos-arm64."libzlib-1.3.2-h8088a28_2"]
url = "https://conda.anaconda.org/conda-forge/osx-arm64/libzlib-1.3.2-h8088a28_2.conda"
checksum = "sha256:361415a698514b19a852f5d1123c5da746d4642139904156ddfca7c922d23a05"

[conda-packages.macos-arm64."openh264-2.6.0-hb5b2745_0"]
url = "https://conda.anaconda.org/conda-forge/osx-arm64/openh264-2.6.0-hb5b2745_0.conda"
checksum = "sha256:fbea05722a8e8abfb41c989e2cec7ba6597eabe27cb6b88ff0b6443a5abb9069"

[conda-packages.macos-arm64."openssl-3.6.2-hd24854e_0"]
url = "https://conda.anaconda.org/conda-forge/osx-arm64/openssl-3.6.2-hd24854e_0.conda"
checksum = "sha256:c91bf510c130a1ea1b6ff023e28bac0ccaef869446acd805e2016f69ebdc49ea"

[conda-packages.macos-arm64."pango-1.56.4-hf80efc4_1"]
url = "https://conda.anaconda.org/conda-forge/osx-arm64/pango-1.56.4-hf80efc4_1.conda"
checksum = "sha256:b57c59cf5abb06d407b3a79017b990ca5bfb10c15a10c62fc29e113f2b12d9a9"

[conda-packages.macos-arm64."pcre2-10.47-h30297fc_0"]
url = "https://conda.anaconda.org/conda-forge/osx-arm64/pcre2-10.47-h30297fc_0.conda"
checksum = "sha256:5e2e443f796f2fd92adf7978286a525fb768c34e12b1ee9ded4000a41b2894ba"

[conda-packages.macos-arm64."pixman-0.46.4-h81086ad_1"]
url = "https://conda.anaconda.org/conda-forge/osx-arm64/pixman-0.46.4-h81086ad_1.conda"
checksum = "sha256:29c9b08a9b8b7810f9d4f159aecfd205fce051633169040005c0b7efad4bc718"

[conda-packages.macos-arm64."pugixml-1.15-hd3d436d_0"]
url = "https://conda.anaconda.org/conda-forge/osx-arm64/pugixml-1.15-hd3d436d_0.conda"
checksum = "sha256:5ad8d036040b095f85d23c70624d3e5e1e4c00bc5cea97831542f2dcae294ec9"

[conda-packages.macos-arm64."sdl2-2.32.56-h248ca61_0"]
url = "https://conda.anaconda.org/conda-forge/osx-arm64/sdl2-2.32.56-h248ca61_0.conda"
checksum = "sha256:704c5cae4bc839a18c70cbf3387d7789f1902828c79c6ddabcd34daf594f4103"

[conda-packages.macos-arm64."sdl3-3.4.8-h6fa9c73_0"]
url = "https://conda.anaconda.org/conda-forge/osx-arm64/sdl3-3.4.8-h6fa9c73_0.conda"
checksum = "sha256:0c15a7f3f46d175c70ca7b032cee3eee9ef602492688a79a6e734f2efc466dad"

[conda-packages.macos-arm64."shaderc-2026.2-hf31e910_0"]
url = "https://conda.anaconda.org/conda-forge/osx-arm64/shaderc-2026.2-hf31e910_0.conda"
checksum = "sha256:97870b15002b9e78a169681655a148049cd1763d4062114155268e84b3ef8793"

[conda-packages.macos-arm64."snappy-1.2.2-hada39a4_1"]
url = "https://conda.anaconda.org/conda-forge/osx-arm64/snappy-1.2.2-hada39a4_1.conda"
checksum = "sha256:cb9305ede19584115f43baecdf09a3866bfcd5bcca0d9e527bd76d9a1dbe2d8d"

[conda-packages.macos-arm64."spirv-tools-2026.1-h4ddebb9_0"]
url = "https://conda.anaconda.org/conda-forge/osx-arm64/spirv-tools-2026.1-h4ddebb9_0.conda"
checksum = "sha256:8c7b7b1f7a42f1a878f08e44ee94023285eb51ba8e5042f28d61dce305b10242"

[conda-packages.macos-arm64."svt-av1-4.0.1-h0cb729a_0"]
url = "https://conda.anaconda.org/conda-forge/osx-arm64/svt-av1-4.0.1-h0cb729a_0.conda"
checksum = "sha256:bdef3c1c4d2a396ad4f7dc64c5e9a02d4c5a21ff93ed07a33e49574de5d2d18d"

[conda-packages.macos-arm64."tbb-2023.0.0-he0260a5_2"]
url = "https://conda.anaconda.org/conda-forge/osx-arm64/tbb-2023.0.0-he0260a5_2.conda"
checksum = "sha256:6f72a2984052444b9381020fa329b83dace95f335573dc21199f1b1d1a5f5473"

[conda-packages.macos-arm64."x264-1!164.3095-h57fd34a_2"]
url = "https://conda.anaconda.org/conda-forge/osx-arm64/x264-1!164.3095-h57fd34a_2.tar.bz2"
checksum = "sha256:debdf60bbcfa6a60201b12a1d53f36736821db281a28223a09e0685edcce105a"

[conda-packages.macos-arm64."x265-3.5-hbc6ce65_3"]
url = "https://conda.anaconda.org/conda-forge/osx-arm64/x265-3.5-hbc6ce65_3.tar.bz2"
checksum = "sha256:2fed6987dba7dee07bd9adc1a6f8e6c699efb851431bcb6ebad7de196e87841d"

[conda-packages.macos-arm64."zstd-1.5.7-hbf9d68e_6"]
url = "https://conda.anaconda.org/conda-forge/osx-arm64/zstd-1.5.7-hbf9d68e_6.conda"
checksum = "sha256:9485ba49e8f47d2b597dd399e88f4802e100851b27c21d7525625b0b4025a5d9"

[[tools.actionlint]]
version = "1.7.12"
backend = "aqua:rhysd/actionlint"

[tools.actionlint."platforms.macos-arm64"]
checksum = "sha256:aba9ced2dee8d27fecca3dc7feb1a7f9a52caefa1eb46f3271ea66b6e0e6953f"
url = "https://github.com/rhysd/actionlint/releases/download/v1.7.12/actionlint_1.7.12_darwin_arm64.tar.gz"
provenance = "github-attestations"

[[tools.age]]
version = "1.3.1"
backend = "aqua:FiloSottile/age"

[tools.age."platforms.macos-arm64"]
checksum = "sha256:01120ea2cbf0463d4c6bd767f99f3271bbed1cdc8a9aa718a76ba1fe4f01998b"
url = "https://github.com/FiloSottile/age/releases/download/v1.3.1/age-v1.3.1-darwin-arm64.tar.gz"
provenance = "github-attestations"

[[tools.cilium-cli]]
version = "0.19.4"
backend = "aqua:cilium/cilium-cli"

[tools.cilium-cli."platforms.macos-arm64"]
checksum = "sha256:9e58b4b8cb6d926946b2e59eb25fc2fb923965d3e000e00325e0227704fcd318"
url = "https://github.com/cilium/cilium-cli/releases/download/v0.19.4/cilium-darwin-arm64.tar.gz"

[[tools.claude-code]]
version = "2.1.150"
backend = "aqua:anthropics/claude-code"

[tools.claude-code."platforms.macos-arm64"]
url = "https://storage.googleapis.com/claude-code-dist-86c565f3-f756-42ad-8dfa-d59b1c096819/claude-code-releases/2.1.150/darwin-arm64/claude"

[[tools.crane]]
version = "0.21.6"
backend = "aqua:google/go-containerregistry"

[tools.crane."platforms.macos-arm64"]
checksum = "sha256:a124f297d1e63e8b6c63c2463e43565290d2fd074c1dadb5ca73d737bc7b2484"
url = "https://github.com/google/go-containerregistry/releases/download/v0.21.6/go-containerregistry_Darwin_arm64.tar.gz"

[[tools.envsubst]]
version = "1.4.3"
backend = "aqua:a8m/envsubst"

[tools.envsubst."platforms.macos-arm64"]
checksum = "md5:d0060b1585156176354f96cd570a4cc1"
url = "https://github.com/a8m/envsubst/releases/download/v1.4.3/envsubst-Darwin-arm64"

[[tools.ffmpeg]]
version = "8.1.1"
backend = "conda:ffmpeg"

[tools.ffmpeg."platforms.macos-arm64"]
checksum = "sha256:0ae2fddd81ad657d18eee5f8273d290f039f2f0075c0da74c2edd60110c62243"
url = "https://conda.anaconda.org/conda-forge/osx-arm64/ffmpeg-8.1.1-gpl_h246f3d5_101.conda"
conda_deps = [
    "svt-av1-4.0.1-h0cb729a_0",
    "shaderc-2026.2-hf31e910_0",
    "sdl2-2.32.56-h248ca61_0",
    "openh264-2.6.0-hb5b2745_0",
    "libzlib-1.3.2-h8088a28_2",
    "libwebp-base-1.6.0-h07db88b_0",
    "libvulkan-loader-1.4.341.0-h3feff0a_0",
    "libvpx-1.15.2-ha759d40_0",
    "libplacebo-7.360.1-h176d363_0",
    "libopus-1.6.1-h1a92334_0",
    "liblzma-5.8.3-h8088a28_0",
    "libfreetype6-2.14.3-hdfa99f5_0",
    "libfreetype-2.14.3-hce30654_0",
    "libass-0.17.4-hcbd7ca7_0",
    "harfbuzz-14.2.0-h3103d1b_0",
    "fonts-conda-ecosystem-1-0",
    "dav1d-1.2.1-hb547adb_0",
    "aom-3.9.1-h7bae524_0",
    "spirv-tools-2026.1-h4ddebb9_0",
    "icu-78.3-hef89b57_0",
    "cairo-1.18.4-he0f2337_1",
    "bzip2-1.0.8-hd037594_9",
    "fontconfig-2.18.0-h2b252f5_0",
    "libintl-0.25.1-h493aca8_0",
    "libexpat-2.8.1-hf6b4638_0",
    "gmp-6.3.0-h7bae524_2",
    "lame-3.100-h1a8c8d9_1003",
    "libcxx-22.1.6-h55c6f16_0",
    "libiconv-1.18-h23cfdf5_2",
    "libjxl-0.11.2-h934fa54_1",
    "libhwy-1.4.0-ha332bbd_0",
    "libopenvino-2026.0.0-h3e6d54f_1",
    "pugixml-1.15-hd3d436d_0",
    "libopenvino-tensorflow-lite-frontend-2026.0.0-hf6b4638_1",
    "libopenvino-tensorflow-frontend-2026.0.0-hc295da0_1",
    "libopenvino-pytorch-frontend-2026.0.0-hf6b4638_1",
    "libopenvino-paddle-frontend-2026.0.0-h41365f2_1",
    "libopenvino-onnx-frontend-2026.0.0-h41365f2_1",
    "libopenvino-ir-frontend-2026.0.0-h85cbfa6_1",
    "libopenvino-hetero-plugin-2026.0.0-h85cbfa6_1",
    "libopenvino-auto-plugin-2026.0.0-h2406d2e_1",
    "libopenvino-auto-batch-plugin-2026.0.0-h2406d2e_1",
    "libopenvino-arm-cpu-plugin-2026.0.0-h3e6d54f_1",
    "libprotobuf-6.33.5-h4a5acfd_0",
    "libabseil-20260107.1-cxx17_h2062a1b_0",
    "librsvg-2.62.2-he8aa2a2_0",
    "gdk-pixbuf-2.44.6-h4e57454_0",
    "libvorbis-1.3.7-h81086ad_2",
    "libxml2-2.15.3-h5654f7c_0",
    "libxml2-16-2.15.3-h5ef1a60_0",
    "openssl-3.6.2-hd24854e_0",
    "x264-1!164.3095-h57fd34a_2",
    "x265-3.5-hbc6ce65_3",
    "fonts-conda-forge-1-hc364b38_1",
    "font-ttf-dejavu-sans-mono-2.37-hab24e00_0",
    "graphite2-1.3.14-hec049ff_2",
    "libglib-2.88.1-ha08bb59_2",
    "pcre2-10.47-h30297fc_0",
    "fribidi-1.0.16-hc919400_0",
    "libpng-1.6.58-h132b30e_0",
    "libbrotlienc-1.2.0-hc919400_1",
    "libbrotlicommon-1.2.0-hc919400_1",
    "libbrotlidec-1.2.0-hc919400_1",
    "tbb-2023.0.0-he0260a5_2",
    "libhwloc-2.13.0-default_ha97f43a_1000",
    "snappy-1.2.2-hada39a4_1",
    "libdovi-3.3.2-h78f8ca3_4",
    "lcms2-2.19.1-hdfa7624_0",
    "libjpeg-turbo-3.1.4.1-h84a0fba_0",
    "pango-1.56.4-hf80efc4_1",
    "libogg-1.3.5-h48c0fde_1",
    "ca-certificates-2026.5.20-hbd8a1cb_0",
    "sdl3-3.4.8-h6fa9c73_0",
    "libusb-1.0.29-hbc156a2_0",
    "glslang-16.3.0-h7cb4797_0",
    "font-ttf-ubuntu-0.83-h77eed37_3",
    "font-ttf-inconsolata-3.000-h77eed37_0",
    "font-ttf-source-code-pro-2.038-h77eed37_0",
    "pixman-0.46.4-h81086ad_1",
    "libffi-3.5.2-hcf2aa1b_0",
    "libtiff-4.7.1-h4030677_1",
    "libdeflate-1.25-hc11a715_0",
    "dbus-1.16.2-h3ff7a7c_1",
    "lerc-4.1.0-h1eee2c3_0",
    "zstd-1.5.7-hbf9d68e_6",
]

[[tools.flux2]]
version = "2.8.8"
backend = "aqua:fluxcd/flux2"

[tools.flux2."platforms.macos-arm64"]
checksum = "sha256:f54bb4d83cfc9563fd3213381d50fe1102215ef904ecf9c38afa183b02c74eb7"
url = "https://github.com/fluxcd/flux2/releases/download/v2.8.8/flux_2.8.8_darwin_arm64.tar.gz"

[tools.flux2."platforms.macos-arm64".provenance.slsa]
url = "https://github.com/fluxcd/flux2/releases/download/v2.8.8/provenance.intoto.jsonl"

[[tools.gh]]
version = "2.92.0"
backend = "aqua:cli/cli"

[tools.gh."platforms.macos-arm64"]
checksum = "sha256:b11c54f6bd7d15ed6590475079e5b2fcf36f45d3991a80041b29c9d0cc1f1d07"
url = "https://github.com/cli/cli/releases/download/v2.92.0/gh_2.92.0_macOS_arm64.zip"
provenance = "github-attestations"

[[tools."github:cloudnative-pg/cloudnative-pg"]]
version = "1.29.1"
backend = "github:cloudnative-pg/cloudnative-pg"

[tools."github:cloudnative-pg/cloudnative-pg"."platforms.macos-arm64"]
checksum = "sha256:d26019d8cb4deac553a6d5c31203a6332b71c2eddf76d762f5179fe4cac8624c"
url = "https://github.com/cloudnative-pg/cloudnative-pg/releases/download/v1.29.1/kubectl-cnpg_1.29.1_darwin_arm64.tar.gz"
url_api = "https://api.github.com/repos/cloudnative-pg/cloudnative-pg/releases/assets/415332105"

[tools."github:cloudnative-pg/cloudnative-pg"."platforms.macos-arm64".provenance.slsa]
url = "https://github.com/cloudnative-pg/cloudnative-pg/releases/download/v1.29.1/multiple.intoto.jsonl"

[[tools."github:home-operations/flate"]]
version = "0.1.24"
backend = "github:home-operations/flate"

[[tools."github:home-operations/yamlls"]]
version = "0.0.4"
backend = "github:home-operations/yamlls"

[tools."github:home-operations/yamlls"."platforms.macos-arm64"]
checksum = "sha256:261cd603dadeb45991244ef1451fdb314306bda038dc7994f389493494a80e81"
url = "https://github.com/home-operations/yamlls/releases/download/0.0.4/yamlls_0.0.4_darwin_arm64.tar.gz"
url_api = "https://api.github.com/repos/home-operations/yamlls/releases/assets/428676133"

[[tools."github:mitsuhiko/minijinja"]]
version = "2.20.0"
backend = "github:mitsuhiko/minijinja"

[tools."github:mitsuhiko/minijinja"."platforms.macos-arm64"]
checksum = "sha256:23a91850cdcb534bab497e138fddd320f079342340851a7faa4c245956cebb70"
url = "https://github.com/mitsuhiko/minijinja/releases/download/2.20.0/minijinja-cli-aarch64-apple-darwin.tar.xz"
url_api = "https://api.github.com/repos/mitsuhiko/minijinja/releases/assets/424647441"

[[tools.go]]
version = "1.26.3"
backend = "core:go"

[tools.go."platforms.macos-arm64"]
checksum = "sha256:875cf54a15311eee2c99b9dd67c68c4a49351d489ab622bf2cfd28c8f2078d3c"
url = "https://dl.google.com/go/go1.26.3.darwin-arm64.tar.gz"

[[tools.helm]]
version = "4.2.0"
backend = "aqua:helm/helm"

[tools.helm."platforms.macos-arm64"]
checksum = "sha256:f13f959015447b6bc309f9fd506509926543988a39035c088b52522ec95e2acb"
url = "https://get.helm.sh/helm-v4.2.0-darwin-arm64.tar.gz"

[[tools.helm-docs]]
version = "1.14.2"
backend = "aqua:norwoodj/helm-docs"

[tools.helm-docs."platforms.macos-arm64"]
checksum = "sha256:2d8399db5b33d240d5f8985241bcf5483563150b968e3229823822979f3e4b8b"
url = "https://github.com/norwoodj/helm-docs/releases/download/v1.14.2/helm-docs_1.14.2_Darwin_arm64.tar.gz"

[[tools.helmfile]]
version = "1.5.2"
backend = "aqua:helmfile/helmfile"

[tools.helmfile."platforms.macos-arm64"]
checksum = "sha256:55e22265177e3d21fcf5a5dfed51f7deaf9c4f6bd460f3961263ebefd428579f"
url = "https://github.com/helmfile/helmfile/releases/download/v1.5.2/helmfile_1.5.2_darwin_arm64.tar.gz"

[[tools.jq]]
version = "1.8.1"
backend = "aqua:jqlang/jq"

[tools.jq."platforms.macos-arm64"]
checksum = "sha256:a9fe3ea2f86dfc72f6728417521ec9067b343277152b114f4e98d8cb0e263603"
url = "https://github.com/jqlang/jq/releases/download/jq-1.8.1/jq-macos-arm64"
provenance = "github-attestations"

[[tools.k9s]]
version = "0.50.18"
backend = "aqua:derailed/k9s"

[tools.k9s."platforms.macos-arm64"]
checksum = "sha256:68ff1541c60620466989019e86101805c1b6c70a746b1561261a403801f7fd48"
url = "https://github.com/derailed/k9s/releases/download/v0.50.18/k9s_Darwin_arm64.tar.gz"

[[tools.kind]]
version = "0.31.0"
backend = "aqua:kubernetes-sigs/kind"

[tools.kind."platforms.macos-arm64"]
checksum = "sha256:88bf554fe9da6311c9f8c2d082613c002911a476f6b5090e9420b35d84e70c5c"
url = "https://github.com/kubernetes-sigs/kind/releases/download/v0.31.0/kind-darwin-arm64"

[[tools.kubebuilder]]
version = "4.14.0"
backend = "aqua:kubernetes-sigs/kubebuilder"

[tools.kubebuilder."platforms.macos-arm64"]
checksum = "sha256:0c1eb2ac13f49e42392e03924a51d8f780110874aa512bd1283f068ff1af3c41"
url = "https://github.com/kubernetes-sigs/kubebuilder/releases/download/v4.14.0/kubebuilder_darwin_arm64"

[[tools.kubeconform]]
version = "0.7.0"
backend = "aqua:yannh/kubeconform"

[tools.kubeconform."platforms.macos-arm64"]
checksum = "sha256:b5d32b2cb77f9c781c976b20a85e2d0bc8f9184d5d1cfe665a2f31a19f99eeb9"
url = "https://github.com/yannh/kubeconform/releases/download/v0.7.0/kubeconform-darwin-arm64.tar.gz"

[[tools.kubectl]]
version = "1.36.1"
backend = "aqua:kubernetes/kubernetes/kubectl"

[tools.kubectl."platforms.macos-arm64"]
checksum = "sha256:9092778abaef3079449da4cd70ded0e4be112480c93efcdeace3155968d1d133"
url = "https://dl.k8s.io/v1.36.1/bin/darwin/arm64/kubectl"

[[tools.kustomize]]
version = "5.8.1"
backend = "aqua:kubernetes-sigs/kustomize"

[tools.kustomize."platforms.macos-arm64"]
checksum = "sha256:8886f8a78474e608cc81234f729fda188a9767da23e28925802f00ece2bab288"
url = "https://github.com/kubernetes-sigs/kustomize/releases/download/kustomize/v5.8.1/kustomize_v5.8.1_darwin_arm64.tar.gz"

[[tools.lefthook]]
version = "2.1.8"
backend = "aqua:evilmartians/lefthook"

[tools.lefthook."platforms.macos-arm64"]
checksum = "sha256:911d530d68ba1495beb32009bf895e296208a556a030d254e8d5641823ba7a25"
url = "https://github.com/evilmartians/lefthook/releases/download/v2.1.8/lefthook_2.1.8_MacOS_arm64.gz"
provenance = "github-attestations"

[[tools.mc]]
version = "RELEASE.2025-08-13T08-35-41Z"
backend = "aqua:minio/mc"

[tools.mc."platforms.macos-arm64"]
checksum = "sha256:a877fd0c183409da9f20f9d6e1811987298bbbca1aa03428eebdffba79fb9445"
url = "https://dl.min.io/client/mc/release/darwin-arm64/archive/mc.RELEASE.2025-08-13T08-35-41Z"

[[tools.neovim]]
version = "0.12.2"
backend = "vfox:mise-plugins/vfox-neovim"

[tools.neovim."platforms.macos-arm64"]
url = "https://github.com/neovim/neovim/releases/download/v0.12.2/nvim-macos-arm64.tar.gz"

[[tools.sops]]
version = "3.13.1"
backend = "aqua:getsops/sops"

[tools.sops."platforms.macos-arm64"]
checksum = "sha256:a2c0dd37eb031068af6ef213b78cfa67b7f1afd76c2e5cc404257f42bbc8367d"
url = "https://github.com/getsops/sops/releases/download/v3.13.1/sops-v3.13.1.darwin.arm64"

[tools.sops."platforms.macos-arm64".provenance.slsa]
url = "https://github.com/getsops/sops/releases/download/v3.13.1/sops-v3.13.1.intoto.jsonl"

[[tools.talhelper]]
version = "3.1.10"
backend = "aqua:budimanjojo/talhelper"

[tools.talhelper."platforms.macos-arm64"]
checksum = "sha256:09e156fc7177a742df71a7cd9bcc1bb6731fd059e11d45731ebdfc536b27df26"
url = "https://github.com/budimanjojo/talhelper/releases/download/v3.1.10/talhelper_darwin_arm64.tar.gz"

[[tools.talosctl]]
version = "1.13.2"
backend = "aqua:siderolabs/talos"

[tools.talosctl."platforms.macos-arm64"]
checksum = "sha256:6a7c0cd313d0b549f135ec4d51e6101a6d4bec753b9f86e516e77f31e2311613"
url = "https://github.com/siderolabs/talos/releases/download/v1.13.2/talosctl-darwin-arm64"
provenance = "cosign"

[[tools.uv]]
version = "0.11.16"
backend = "aqua:astral-sh/uv"

[tools.uv."platforms.macos-arm64"]
checksum = "sha256:2b25be1af546be330b340b0a76b99f989daa6d92678fdffb87438e661e9d88fb"
url = "https://github.com/astral-sh/uv/releases/download/0.11.16/uv-aarch64-apple-darwin.tar.gz"
provenance = "github-attestations"

[[tools.yamlfmt]]
version = "0.21.0"
backend = "aqua:google/yamlfmt"

[tools.yamlfmt."platforms.macos-arm64"]
checksum = "sha256:4b417ecb94339d57e4c122ecc948c1a00fe328b5853266de9806e652a92858fa"
url = "https://github.com/google/yamlfmt/releases/download/v0.21.0/yamlfmt_0.21.0_Darwin_arm64.tar.gz"

[[tools.yamllint]]
version = "1.38.0"
backend = "pipx:yamllint"

[[tools.yq]]
version = "4.53.2"
backend = "aqua:mikefarah/yq"

[tools.yq."platforms.macos-arm64"]
checksum = "sha256:541ba2287560df70f561955e2d7f7e1cd00cf2a15a884f6b5c87a4bfa887bc07"
url = "https://github.com/mikefarah/yq/releases/download/v4.53.2/yq_darwin_arm64"

[[tools.zizmor]]
version = "1.25.2"
backend = "aqua:zizmorcore/zizmor"

[tools.zizmor."platforms.macos-arm64"]
checksum = "sha256:624ef0e09521aecd862126be0f6d7754669af2646750d68ac48a114be33c3146"
url = "https://github.com/zizmorcore/zizmor/releases/download/v1.25.2/zizmor-aarch64-apple-darwin.tar.gz"
provenance = "github-attestations"
