dependencies:
- name: base
  repository: file://../../charts/base
  version: 0.0.0
- name: node-feature-discovery
  repository: oci://registry.k8s.io/nfd/charts
  version: 0.18.3
digest: sha256:a7a992bccea5c3d4e55570b15fca8331b6cf9231cf07e649e7f0892a5c1d0f19
generated: "2026-05-28T20:01:09.748258-07:00"
