dependencies:
- name: base
  repository: file://../../../../charts/base
  version: 0.0.0
- name: versitygw
  repository: oci://ghcr.io/versity/versitygw/charts
  version: 0.3.1
digest: sha256:1a1be9551057852beaa9fec37c97aabddfc0da9a34755ef75bb8a7363934a418
generated: "2026-06-02T00:50:24.010166-07:00"
