dependencies:
- name: base
  repository: file://../../charts/base
  version: 0.0.0
- name: external-dns
  repository: oci://ghcr.io/home-operations/charts-mirror
  version: 1.21.1
digest: sha256:cae24f0ae6265ba45bc155f162d7b157cf78c2883a72022091d540e686f5832b
generated: "2026-05-29T02:23:38.483127-07:00"
