dependencies:
- name: base
  repository: file://../../../../charts/base
  version: 0.0.0
- name: nats
  repository: https://nats-io.github.io/k8s/helm/charts/
  version: 2.14.0
digest: sha256:e297e4b9048af7f485b5060b9ec5a0b0173c81ac786232619d42b59c5ae2883f
generated: "2026-06-02T11:41:29.156567-07:00"
