dependencies:
- name: base
  repository: file://../../../../charts/base
  version: 0.0.0
- name: generic-device-plugin
  repository: oci://docker.io/ant385525
  version: 0.2.0
digest: sha256:82c5921f2a0ba81662c9edd252ec24fbf7b4d9824f3d08391e97827e44d33451
generated: "2026-05-29T17:17:44.382316-07:00"
