dependencies:
- name: base
  repository: file://../../../../charts/base
  version: 0.0.0
- name: grafana-operator
  repository: oci://ghcr.io/grafana/helm-charts
  version: 5.23.0
digest: sha256:cea34c095066a528ca262786e01fb9710c3b596dffbfc93d87d4c34b040303e7
generated: "2026-06-02T01:13:02.032318-07:00"
