dependencies:
- name: base
  repository: file://../../../../charts/base
  version: 0.0.0
- name: silence-operator
  repository: oci://gsoci.azurecr.io/charts/giantswarm
  version: 0.20.1
digest: sha256:7e89affec31e610091154ec548cf853ceb4bf12c68c7166b91c1048686452b79
generated: "2026-06-02T01:13:03.679447-07:00"
