dependencies:
- name: base
  repository: file://../../charts/base
  version: 0.0.0
- name: external-secrets
  repository: oci://ghcr.io/external-secrets/charts
  version: 2.5.0
digest: sha256:8769c64c7ac7772c5b9feecae32a6ef7b17f710f704e725e2b33acdf63944b3b
generated: "2026-05-28T19:03:28.976097-07:00"
