dependencies:
- name: base
  repository: file://../../../../charts/base
  version: 0.0.0
- name: metrics-server
  repository: oci://ghcr.io/home-operations/charts-mirror
  version: 3.13.0
digest: sha256:0efad4479bb3bf47100a0a8f9639d3c3cd989b289f25771bd1052336d4afce66
generated: "2026-05-29T17:17:50.172061-07:00"
