dependencies:
- name: base
  repository: file://../../../../charts/base
  version: 0.0.0
- name: snapshot-controller
  repository: oci://ghcr.io/piraeusdatastore/helm-charts
  version: 5.0.4
digest: sha256:746ae38808dd42ca874ba4349aa63ada1187758135373e47183fdfb358e7272a
generated: "2026-06-02T00:39:46.167085-07:00"
