dependencies:
- name: base
  repository: file://../../../../charts/base
  version: 0.0.0
- name: renovate-operator
  repository: oci://ghcr.io/mogenius/helm-charts
  version: 4.10.0
digest: sha256:0c79f342e7ba4626118d6eb9912d7aa5fedb3e8751712e08eba2efc37860abee
generated: "2026-05-29T17:38:55.089169-07:00"
