dependencies:
- name: base
  repository: file://../../../../charts/base
  version: 0.0.0
- name: csi-driver-nfs
  repository: oci://ghcr.io/home-operations/charts-mirror
  version: 4.13.2
digest: sha256:ac96687cfa7f8d63d2e05309b57da88cb1fd1c7c8e0f68c1b49989039f4bae0e
generated: "2026-06-02T00:39:48.362809-07:00"
