dependencies:
- name: base
  repository: file://../../charts/base
  version: 0.0.0
- name: metrics-server
  repository: oci://ghcr.io/home-operations/charts-mirror
  version: 3.13.0
digest: sha256:50f991db0158185ba7aaad4c6fd4498d6e18d9bf4f0e41bb981aebf41669dc34
generated: "2026-05-28T21:36:41.095069-07:00"
