dependencies:
- name: base
  repository: file://../../../../charts/base
  version: 0.0.0
- name: prometheus-smartctl-exporter
  repository: oci://ghcr.io/prometheus-community/charts
  version: 0.16.1
digest: sha256:291de09b0a1db47f03d0ddf6153fb30893ece29fd4dba45dc77b313058c93b07
generated: "2026-06-02T01:12:55.893802-07:00"
