dependencies:
- name: base
  repository: file://../../../../charts/base
  version: 0.0.0
- name: dragonfly-operator
  repository: oci://ghcr.io/dragonflydb/dragonfly-operator/helm
  version: v1.5.0
digest: sha256:e1e58b83f9d4c2e8398e47731fdf33fac4397f56d0fd973b08583f5113d31435
generated: "2026-05-29T17:17:41.750979-07:00"
