dependencies:
- name: base
  repository: file://../../../../charts/base
  version: 0.0.0
- name: external-dns
  repository: oci://ghcr.io/home-operations/charts-mirror
  version: 1.21.1
digest: sha256:aea0b9d0d03a86b1f49683b74508d98a2bc93f6731bc5bfc563f5f9592741502
generated: "2026-05-29T17:17:42.959307-07:00"
