dependencies:
- name: base
  repository: file://../../charts/base
  version: 0.0.0
- name: intel-gpu-resource-driver-chart
  repository: oci://ghcr.io/intel/intel-resource-drivers-for-kubernetes
  version: 0.10.1
digest: sha256:5461377d6485a3d9f9e46f2ec7473e79314968be59ece74cc28593603e50303b
generated: "2026-05-28T19:37:30.253004-07:00"
