dependencies:
- name: base
  repository: file://../../../../charts/base
  version: 0.0.0
- name: intel-gpu-resource-driver-chart
  repository: oci://ghcr.io/intel/intel-resource-drivers-for-kubernetes
  version: 0.10.1
digest: sha256:a6e932673106a133035b966468931731db3cc34849a69f79d1053fe84c633fc7
generated: "2026-05-29T17:17:45.815055-07:00"
