dependencies:
- name: base
  repository: file://../../../../charts/base
  version: 0.0.0
- name: pocket-id-operator
  repository: oci://ghcr.io/aclerici38/charts
  version: 0.6.1
digest: sha256:4d5fe5abc504095be656571cb265dd58c6ff6fad96d27910f9118cc26a8ddafe
generated: "2026-06-02T11:41:29.967984-07:00"
